
Microsoft Visual Studio Solution File, Format Version 12.00
# Visual Studio 2013
VisualStudioVersion = 12.0.21005.1
MinimumVisualStudioVersion = 10.0.40219.1
Project("{2150E333-8FDC-42A3-9474-1A3956D46DE8}") = "Tests", "Tests", "{A340B280-C12B-47E7-90B7-89C650F8AAFC}"
EndProject
Project("{2150E333-8FDC-42A3-9474-1A3956D46DE8}") = "Plugins", "Plugins", "{7881B112-7843-4542-B1F7-F99553FB9BB7}"
EndProject
Project("{2150E333-8FDC-42A3-9474-1A3956D46DE8}") = "Payment", "Payment", "{83983F89-88C0-4EDD-9F11-C33D8CB64B2B}"
EndProject
Project("{2150E333-8FDC-42A3-9474-1A3956D46DE8}") = "DiscountRules", "DiscountRules", "{32A863AA-B05C-4FF7-9024-CF0AF278E04F}"
EndProject
Project("{2150E333-8FDC-42A3-9474-1A3956D46DE8}") = "ExchangeRate", "ExchangeRate", "{2B2CFB11-B088-4D14-83AB-AB2526FBCA60}"
EndProject
Project("{2150E333-8FDC-42A3-9474-1A3956D46DE8}") = "ExternalAuth", "ExternalAuth", "{B9803B1B-6798-45A1-BDAA-5C8AA181B4D6}"
EndProject
Project("{2150E333-8FDC-42A3-9474-1A3956D46DE8}") = "Feed", "Feed", "{2759D748-6E7B-449E-8369-5F910670F976}"
EndProject
Project("{2150E333-8FDC-42A3-9474-1A3956D46DE8}") = "Misc", "Misc", "{419140B0-A90E-47F0-8ADB-697BE532725C}"
EndProject
Project("{2150E333-8FDC-42A3-9474-1A3956D46DE8}") = "Shipping", "Shipping", "{8B84F0CD-726D-45D0-8EB5-09BC4ED5BCB0}"
EndProject
Project("{2150E333-8FDC-42A3-9474-1A3956D46DE8}") = "Tax", "Tax", "{252FB086-B3DA-4645-9DC1-40DC1BC82FD5}"
EndProject
Project("{2150E333-8FDC-42A3-9474-1A3956D46DE8}") = "Widgets", "Widgets", "{80D551E6-D959-413D-8470-8B02C1A122B7}"
EndProject
Project("{FAE04EC0-301F-11D3-BF4B-00C04F79EFBC}") = "SmartStore.Services", "Libraries\SmartStore.Services\SmartStore.Services.csproj", "{210541AD-F659-47DA-8763-16F36C5CD2F4}"
EndProject
Project("{FAE04EC0-301F-11D3-BF4B-00C04F79EFBC}") = "SmartStore.Core.Tests", "Tests\SmartStore.Core.Tests\SmartStore.Core.Tests.csproj", "{7A9BDC6A-F880-43D5-9B2A-59C1674CE449}"
EndProject
Project("{FAE04EC0-301F-11D3-BF4B-00C04F79EFBC}") = "SmartStore.Data.Tests", "Tests\SmartStore.Data.Tests\SmartStore.Data.Tests.csproj", "{0D303E2D-0367-4F66-AC03-F1658FBBB24D}"
EndProject
Project("{FAE04EC0-301F-11D3-BF4B-00C04F79EFBC}") = "SmartStore.Services.Tests", "Tests\SmartStore.Services.Tests\SmartStore.Services.Tests.csproj", "{5DCBE5B1-1A02-48E7-9853-5FCEF2A36805}"
EndProject
Project("{FAE04EC0-301F-11D3-BF4B-00C04F79EFBC}") = "SmartStore.Tests", "Tests\SmartStore.Tests\SmartStore.Tests.csproj", "{1D9EB579-3630-468A-BE94-49E7DF4F6E1D}"
EndProject
Project("{FAE04EC0-301F-11D3-BF4B-00C04F79EFBC}") = "SmartStore.Web.MVC.Tests", "Tests\SmartStore.Web.MVC.Tests\SmartStore.Web.MVC.Tests.csproj", "{57718244-1B22-4637-9DBF-F5D8E460FC95}"
EndProject
Project("{FAE04EC0-301F-11D3-BF4B-00C04F79EFBC}") = "SmartStore.Plugin.Widgets.GoogleAnalytics", "Plugins\Widgets.GoogleAnalytics\SmartStore.Plugin.Widgets.GoogleAnalytics.csproj", "{C2B83AF5-80F6-4B8C-8628-FA7DE10C3BB5}"
EndProject
Project("{FAE04EC0-301F-11D3-BF4B-00C04F79EFBC}") = "SmartStore.Plugin.Tax.CountryStateZip", "Plugins\Tax.CountryStateZip\SmartStore.Plugin.Tax.CountryStateZip.csproj", "{493761CB-5190-4283-8C6C-A8CEB5450CAB}"
EndProject
Project("{FAE04EC0-301F-11D3-BF4B-00C04F79EFBC}") = "SmartStore.Plugin.Tax.FixedRate", "Plugins\Tax.FixedRate\SmartStore.Plugin.Tax.FixedRate.csproj", "{60E882EA-9ACB-4EFE-82A0-8FB1F5884B04}"
EndProject
Project("{FAE04EC0-301F-11D3-BF4B-00C04F79EFBC}") = "SmartStore.Plugin.Tax.Free", "Plugins\Tax.Free\SmartStore.Plugin.Tax.Free.csproj", "{A999F243-C752-4430-9AF6-8FCE281C9C20}"
EndProject
Project("{FAE04EC0-301F-11D3-BF4B-00C04F79EFBC}") = "SmartStore.Plugin.Shipping.ByTotal", "Plugins\Shipping.ByTotal\SmartStore.Plugin.Shipping.ByTotal.csproj", "{ACC1E122-B2C8-4441-BDED-D4A77763331A}"
EndProject
Project("{FAE04EC0-301F-11D3-BF4B-00C04F79EFBC}") = "SmartStore.Plugin.Shipping.ByWeight", "Plugins\Shipping.ByWeight\SmartStore.Plugin.Shipping.ByWeight.csproj", "{0793FB50-67BB-461E-B961-2F45887464CF}"
EndProject
Project("{FAE04EC0-301F-11D3-BF4B-00C04F79EFBC}") = "SmartStore.Plugin.Shipping.FixedRateShipping", "Plugins\Shipping.FixedRateShipping\SmartStore.Plugin.Shipping.FixedRateShipping.csproj", "{2DCB7949-24C2-49C7-872C-C948E43717E7}"
EndProject
Project("{FAE04EC0-301F-11D3-BF4B-00C04F79EFBC}") = "SmartStore.Plugin.Payments.CashOnDelivery", "Plugins\Payments.CashOnDelivery\SmartStore.Plugin.Payments.CashOnDelivery.csproj", "{3D61DE73-5B82-40BD-A980-EA54533179C4}"
EndProject
Project("{FAE04EC0-301F-11D3-BF4B-00C04F79EFBC}") = "SmartStore.Plugin.Payments.DirectDebit", "Plugins\Payments.DirectDebit\SmartStore.Plugin.Payments.DirectDebit.csproj", "{AF706567-352D-4FFC-BBAC-913E8DFA22D6}"
EndProject
Project("{FAE04EC0-301F-11D3-BF4B-00C04F79EFBC}") = "SmartStore.Plugin.Payments.Invoice", "Plugins\Payments.Invoice\SmartStore.Plugin.Payments.Invoice.csproj", "{A1B992C8-91DC-482E-9D3C-F56E474ED45B}"
EndProject
Project("{FAE04EC0-301F-11D3-BF4B-00C04F79EFBC}") = "SmartStore.Plugin.Payments.Manual", "Plugins\Payments.Manual\SmartStore.Plugin.Payments.Manual.csproj", "{9A7B9344-6AD0-4828-876D-0BF14C177148}"
EndProject
Project("{FAE04EC0-301F-11D3-BF4B-00C04F79EFBC}") = "SmartStore.Plugin.Payments.PayInStore", "Plugins\Payments.PayInStore\SmartStore.Plugin.Payments.PayInStore.csproj", "{A284F47B-9DAF-4475-BB79-7A418EECC01D}"
EndProject
Project("{FAE04EC0-301F-11D3-BF4B-00C04F79EFBC}") = "SmartStore.Plugin.Payments.PayPalStandard", "Plugins\Payments.PayPalStandard\SmartStore.Plugin.Payments.PayPalStandard.csproj", "{83235353-0D04-4028-82B2-81116E7361DA}"
EndProject
Project("{FAE04EC0-301F-11D3-BF4B-00C04F79EFBC}") = "SmartStore.Plugin.Payments.Prepayment", "Plugins\Payments.Prepayment\SmartStore.Plugin.Payments.Prepayment.csproj", "{5B378AAD-5E5D-441D-9824-30A2995BCA68}"
EndProject
Project("{FAE04EC0-301F-11D3-BF4B-00C04F79EFBC}") = "SmartStore.Plugin.SMS.Clickatell", "Plugins\SMS.Clickatell\SmartStore.Plugin.SMS.Clickatell.csproj", "{E3362B5B-DA5A-4515-BCB0-0DF982F80E89}"
EndProject
Project("{FAE04EC0-301F-11D3-BF4B-00C04F79EFBC}") = "SmartStore.Plugin.Feed.Froogle", "Plugins\Feed.Froogle\SmartStore.Plugin.Feed.Froogle.csproj", "{965A02F0-FC84-4AC4-91E4-79EADFC1CA9D}"
EndProject
Project("{FAE04EC0-301F-11D3-BF4B-00C04F79EFBC}") = "SmartStore.Plugin.ExternalAuth.OpenId", "Plugins\ExternalAuth.OpenId\SmartStore.Plugin.ExternalAuth.OpenId.csproj", "{A10220DE-A72B-4FDB-A1F8-E5C111657088}"
EndProject
Project("{FAE04EC0-301F-11D3-BF4B-00C04F79EFBC}") = "SmartStore.Plugin.ExternalAuth.Facebook", "Plugins\ExternalAuth.Facebook\SmartStore.Plugin.ExternalAuth.Facebook.csproj", "{446FED73-BCA1-4D8F-BC13-EA1507C7EF29}"
EndProject
Project("{FAE04EC0-301F-11D3-BF4B-00C04F79EFBC}") = "SmartStore.Plugin.ExchangeRate.EcbExchange", "Plugins\ExchangeRate.EcbExchange\SmartStore.Plugin.ExchangeRate.EcbExchange.csproj", "{6DF00C56-EC49-4AB8-8B29-404E3694026C}"
EndProject
Project("{FAE04EC0-301F-11D3-BF4B-00C04F79EFBC}") = "SmartStore.Plugin.DiscountRules.HasOneProduct", "Plugins\DiscountRules.HasOneProduct\SmartStore.Plugin.DiscountRules.HasOneProduct.csproj", "{5B956174-04FA-4E95-AA00-3736630FEEFB}"
EndProject
Project("{FAE04EC0-301F-11D3-BF4B-00C04F79EFBC}") = "SmartStore.Plugin.DiscountRules.HasAllProducts", "Plugins\DiscountRules.HasAllProducts\SmartStore.Plugin.DiscountRules.HasAllProducts.csproj", "{36261AB6-2FD4-4BDA-A941-AF4CC18C21E5}"
EndProject
Project("{FAE04EC0-301F-11D3-BF4B-00C04F79EFBC}") = "SmartStore.Plugin.DiscountRules.HadSpentAmount", "Plugins\DiscountRules.HadSpentAmount\SmartStore.Plugin.DiscountRules.HadSpentAmount.csproj", "{C4FFB99C-8A99-47E2-B863-3586AE2CF9C9}"
EndProject
Project("{FAE04EC0-301F-11D3-BF4B-00C04F79EFBC}") = "SmartStore.Plugin.DiscountRules.CustomerRoles", "Plugins\DiscountRules.CustomerRoles\SmartStore.Plugin.DiscountRules.CustomerRoles.csproj", "{D28CAD64-4C88-48CB-8AA4-10B7D050BE56}"
EndProject
Project("{FAE04EC0-301F-11D3-BF4B-00C04F79EFBC}") = "SmartStore.Data", "Libraries\SmartStore.Data\SmartStore.Data.csproj", "{CCD7F2C9-6A2C-4CF0-8E89-076B8FC0F144}"
EndProject
Project("{FAE04EC0-301F-11D3-BF4B-00C04F79EFBC}") = "SmartStore.Core", "Libraries\SmartStore.Core\SmartStore.Core.csproj", "{6BDA8332-939F-45B7-A25E-7A797260AE59}"
EndProject
Project("{FAE04EC0-301F-11D3-BF4B-00C04F79EFBC}") = "SmartStore.Web", "Presentation\SmartStore.Web\SmartStore.Web.csproj", "{4F1F649C-1020-45BE-A487-F416D9297FF3}"
EndProject
Project("{FAE04EC0-301F-11D3-BF4B-00C04F79EFBC}") = "SmartStore.Admin", "Presentation\SmartStore.Web\Administration\SmartStore.Admin.csproj", "{152C761A-DD2E-4C1F-AF89-DFB2547A3BCA}"
EndProject
Project("{FAE04EC0-301F-11D3-BF4B-00C04F79EFBC}") = "SmartStore.Web.Framework", "Presentation\SmartStore.Web.Framework\SmartStore.Web.Framework.csproj", "{75FD4163-333C-4DD5-854D-2EF294E45D94}"
EndProject
Project("{2150E333-8FDC-42A3-9474-1A3956D46DE8}") = "Solution Items", "Solution Items", "{E11A41CA-FA9F-4BB7-A35E-F80EE1084232}"
	ProjectSection(SolutionItems) = preProject
		AssemblySharedInfo.cs = AssemblySharedInfo.cs
		AssemblyVersionInfo.cs = AssemblyVersionInfo.cs
	EndProjectSection
EndProject
Project("{2150E333-8FDC-42A3-9474-1A3956D46DE8}") = ".nuget", ".nuget", "{C0A5A9AE-1509-4795-82CD-0BE7D6A17C69}"
	ProjectSection(SolutionItems) = preProject
		.nuget\NuGet.Config = .nuget\NuGet.Config
		.nuget\NuGet.exe = .nuget\NuGet.exe
		.nuget\NuGet.targets = .nuget\NuGet.targets
	EndProjectSection
EndProject
Project("{FAE04EC0-301F-11D3-BF4B-00C04F79EFBC}") = "SmartStore.Plugin.Widgets.TrustedShopsSeal", "Plugins\Widgets.TrustedShopsSeal\SmartStore.Plugin.Widgets.TrustedShopsSeal.csproj", "{DD12934F-62E5-4A12-858A-82B2F17EA1D4}"
EndProject
Project("{2150E333-8FDC-42A3-9474-1A3956D46DE8}") = "Api", "Api", "{B3D76228-3B52-4786-8F47-87D3060ED1AD}"
EndProject
Project("{FAE04EC0-301F-11D3-BF4B-00C04F79EFBC}") = "SmartStore.Plugin.Api.WebApi", "Plugins\Api.WebApi\SmartStore.Plugin.Api.WebApi.csproj", "{D8947A85-F0D7-4FF5-8E77-ED4EE18447C8}"
EndProject
Project("{2150E333-8FDC-42A3-9474-1A3956D46DE8}") = "Tools", "Tools", "{DB17E553-DCB5-4851-A5AB-542C09CAC7CA}"
EndProject
Project("{FAE04EC0-301F-11D3-BF4B-00C04F79EFBC}") = "SmartStore.Packager", "Tools\SmartStore.Packager\SmartStore.Packager.csproj", "{DCC07617-E6EB-4F3C-AAFF-B15CA2B6E07F}"
EndProject
Project("{FAE04EC0-301F-11D3-BF4B-00C04F79EFBC}") = "SmartStore.WebApi.Client", "Tools\SmartStore.WebApi.Client\SmartStore.WebApi.Client.csproj", "{CD28D50C-38C3-4371-80B3-71FE7853D61D}"
EndProject
Global
	GlobalSection(SolutionConfigurationPlatforms) = preSolution
		Debug|Any CPU = Debug|Any CPU
		Debug|Mixed Platforms = Debug|Mixed Platforms
		Debug|x86 = Debug|x86
		Release|Any CPU = Release|Any CPU
		Release|Mixed Platforms = Release|Mixed Platforms
		Release|x86 = Release|x86
	EndGlobalSection
	GlobalSection(ProjectConfigurationPlatforms) = postSolution
		{210541AD-F659-47DA-8763-16F36C5CD2F4}.Debug|Any CPU.ActiveCfg = Debug|Any CPU
		{210541AD-F659-47DA-8763-16F36C5CD2F4}.Debug|Any CPU.Build.0 = Debug|Any CPU
		{210541AD-F659-47DA-8763-16F36C5CD2F4}.Debug|Mixed Platforms.ActiveCfg = Debug|Any CPU
		{210541AD-F659-47DA-8763-16F36C5CD2F4}.Debug|Mixed Platforms.Build.0 = Debug|Any CPU
		{210541AD-F659-47DA-8763-16F36C5CD2F4}.Debug|x86.ActiveCfg = Debug|Any CPU
		{210541AD-F659-47DA-8763-16F36C5CD2F4}.Release|Any CPU.ActiveCfg = Release|Any CPU
		{210541AD-F659-47DA-8763-16F36C5CD2F4}.Release|Any CPU.Build.0 = Release|Any CPU
		{210541AD-F659-47DA-8763-16F36C5CD2F4}.Release|Mixed Platforms.ActiveCfg = Release|Any CPU
		{210541AD-F659-47DA-8763-16F36C5CD2F4}.Release|Mixed Platforms.Build.0 = Release|Any CPU
		{210541AD-F659-47DA-8763-16F36C5CD2F4}.Release|x86.ActiveCfg = Release|Any CPU
		{7A9BDC6A-F880-43D5-9B2A-59C1674CE449}.Debug|Any CPU.ActiveCfg = Debug|Any CPU
		{7A9BDC6A-F880-43D5-9B2A-59C1674CE449}.Debug|Any CPU.Build.0 = Debug|Any CPU
		{7A9BDC6A-F880-43D5-9B2A-59C1674CE449}.Debug|Mixed Platforms.ActiveCfg = Debug|Any CPU
		{7A9BDC6A-F880-43D5-9B2A-59C1674CE449}.Debug|Mixed Platforms.Build.0 = Debug|Any CPU
		{7A9BDC6A-F880-43D5-9B2A-59C1674CE449}.Debug|x86.ActiveCfg = Debug|Any CPU
		{7A9BDC6A-F880-43D5-9B2A-59C1674CE449}.Release|Any CPU.ActiveCfg = Release|Any CPU
		{7A9BDC6A-F880-43D5-9B2A-59C1674CE449}.Release|Any CPU.Build.0 = Release|Any CPU
		{7A9BDC6A-F880-43D5-9B2A-59C1674CE449}.Release|Mixed Platforms.ActiveCfg = Release|Any CPU
		{7A9BDC6A-F880-43D5-9B2A-59C1674CE449}.Release|Mixed Platforms.Build.0 = Release|Any CPU
		{7A9BDC6A-F880-43D5-9B2A-59C1674CE449}.Release|x86.ActiveCfg = Release|Any CPU
		{0D303E2D-0367-4F66-AC03-F1658FBBB24D}.Debug|Any CPU.ActiveCfg = Debug|Any CPU
		{0D303E2D-0367-4F66-AC03-F1658FBBB24D}.Debug|Any CPU.Build.0 = Debug|Any CPU
		{0D303E2D-0367-4F66-AC03-F1658FBBB24D}.Debug|Mixed Platforms.ActiveCfg = Debug|Any CPU
		{0D303E2D-0367-4F66-AC03-F1658FBBB24D}.Debug|Mixed Platforms.Build.0 = Debug|Any CPU
		{0D303E2D-0367-4F66-AC03-F1658FBBB24D}.Debug|x86.ActiveCfg = Debug|Any CPU
		{0D303E2D-0367-4F66-AC03-F1658FBBB24D}.Release|Any CPU.ActiveCfg = Release|Any CPU
		{0D303E2D-0367-4F66-AC03-F1658FBBB24D}.Release|Any CPU.Build.0 = Release|Any CPU
		{0D303E2D-0367-4F66-AC03-F1658FBBB24D}.Release|Mixed Platforms.ActiveCfg = Release|Any CPU
		{0D303E2D-0367-4F66-AC03-F1658FBBB24D}.Release|Mixed Platforms.Build.0 = Release|Any CPU
		{0D303E2D-0367-4F66-AC03-F1658FBBB24D}.Release|x86.ActiveCfg = Release|Any CPU
		{5DCBE5B1-1A02-48E7-9853-5FCEF2A36805}.Debug|Any CPU.ActiveCfg = Debug|Any CPU
		{5DCBE5B1-1A02-48E7-9853-5FCEF2A36805}.Debug|Any CPU.Build.0 = Debug|Any CPU
		{5DCBE5B1-1A02-48E7-9853-5FCEF2A36805}.Debug|Mixed Platforms.ActiveCfg = Debug|Any CPU
		{5DCBE5B1-1A02-48E7-9853-5FCEF2A36805}.Debug|Mixed Platforms.Build.0 = Debug|Any CPU
		{5DCBE5B1-1A02-48E7-9853-5FCEF2A36805}.Debug|x86.ActiveCfg = Debug|Any CPU
		{5DCBE5B1-1A02-48E7-9853-5FCEF2A36805}.Release|Any CPU.ActiveCfg = Release|Any CPU
		{5DCBE5B1-1A02-48E7-9853-5FCEF2A36805}.Release|Any CPU.Build.0 = Release|Any CPU
		{5DCBE5B1-1A02-48E7-9853-5FCEF2A36805}.Release|Mixed Platforms.ActiveCfg = Release|Any CPU
		{5DCBE5B1-1A02-48E7-9853-5FCEF2A36805}.Release|Mixed Platforms.Build.0 = Release|Any CPU
		{5DCBE5B1-1A02-48E7-9853-5FCEF2A36805}.Release|x86.ActiveCfg = Release|Any CPU
		{1D9EB579-3630-468A-BE94-49E7DF4F6E1D}.Debug|Any CPU.ActiveCfg = Debug|Any CPU
		{1D9EB579-3630-468A-BE94-49E7DF4F6E1D}.Debug|Any CPU.Build.0 = Debug|Any CPU
		{1D9EB579-3630-468A-BE94-49E7DF4F6E1D}.Debug|Mixed Platforms.ActiveCfg = Debug|Any CPU
		{1D9EB579-3630-468A-BE94-49E7DF4F6E1D}.Debug|Mixed Platforms.Build.0 = Debug|Any CPU
		{1D9EB579-3630-468A-BE94-49E7DF4F6E1D}.Debug|x86.ActiveCfg = Debug|Any CPU
		{1D9EB579-3630-468A-BE94-49E7DF4F6E1D}.Release|Any CPU.ActiveCfg = Release|Any CPU
		{1D9EB579-3630-468A-BE94-49E7DF4F6E1D}.Release|Any CPU.Build.0 = Release|Any CPU
		{1D9EB579-3630-468A-BE94-49E7DF4F6E1D}.Release|Mixed Platforms.ActiveCfg = Release|Any CPU
		{1D9EB579-3630-468A-BE94-49E7DF4F6E1D}.Release|Mixed Platforms.Build.0 = Release|Any CPU
		{1D9EB579-3630-468A-BE94-49E7DF4F6E1D}.Release|x86.ActiveCfg = Release|Any CPU
		{57718244-1B22-4637-9DBF-F5D8E460FC95}.Debug|Any CPU.ActiveCfg = Debug|Any CPU
		{57718244-1B22-4637-9DBF-F5D8E460FC95}.Debug|Any CPU.Build.0 = Debug|Any CPU
		{57718244-1B22-4637-9DBF-F5D8E460FC95}.Debug|Mixed Platforms.ActiveCfg = Debug|Any CPU
		{57718244-1B22-4637-9DBF-F5D8E460FC95}.Debug|Mixed Platforms.Build.0 = Debug|Any CPU
		{57718244-1B22-4637-9DBF-F5D8E460FC95}.Debug|x86.ActiveCfg = Debug|Any CPU
		{57718244-1B22-4637-9DBF-F5D8E460FC95}.Release|Any CPU.ActiveCfg = Release|Any CPU
		{57718244-1B22-4637-9DBF-F5D8E460FC95}.Release|Any CPU.Build.0 = Release|Any CPU
		{57718244-1B22-4637-9DBF-F5D8E460FC95}.Release|Mixed Platforms.ActiveCfg = Release|Any CPU
		{57718244-1B22-4637-9DBF-F5D8E460FC95}.Release|Mixed Platforms.Build.0 = Release|Any CPU
		{57718244-1B22-4637-9DBF-F5D8E460FC95}.Release|x86.ActiveCfg = Release|Any CPU
		{C2B83AF5-80F6-4B8C-8628-FA7DE10C3BB5}.Debug|Any CPU.ActiveCfg = Debug|Any CPU
		{C2B83AF5-80F6-4B8C-8628-FA7DE10C3BB5}.Debug|Any CPU.Build.0 = Debug|Any CPU
		{C2B83AF5-80F6-4B8C-8628-FA7DE10C3BB5}.Debug|Mixed Platforms.ActiveCfg = Debug|Any CPU
		{C2B83AF5-80F6-4B8C-8628-FA7DE10C3BB5}.Debug|Mixed Platforms.Build.0 = Debug|Any CPU
		{C2B83AF5-80F6-4B8C-8628-FA7DE10C3BB5}.Debug|x86.ActiveCfg = Debug|Any CPU
		{C2B83AF5-80F6-4B8C-8628-FA7DE10C3BB5}.Release|Any CPU.ActiveCfg = Release|Any CPU
		{C2B83AF5-80F6-4B8C-8628-FA7DE10C3BB5}.Release|Any CPU.Build.0 = Release|Any CPU
		{C2B83AF5-80F6-4B8C-8628-FA7DE10C3BB5}.Release|Mixed Platforms.ActiveCfg = Release|Any CPU
		{C2B83AF5-80F6-4B8C-8628-FA7DE10C3BB5}.Release|Mixed Platforms.Build.0 = Release|Any CPU
		{C2B83AF5-80F6-4B8C-8628-FA7DE10C3BB5}.Release|x86.ActiveCfg = Release|Any CPU
		{493761CB-5190-4283-8C6C-A8CEB5450CAB}.Debug|Any CPU.ActiveCfg = Debug|Any CPU
		{493761CB-5190-4283-8C6C-A8CEB5450CAB}.Debug|Any CPU.Build.0 = Debug|Any CPU
		{493761CB-5190-4283-8C6C-A8CEB5450CAB}.Debug|Mixed Platforms.ActiveCfg = Debug|Any CPU
		{493761CB-5190-4283-8C6C-A8CEB5450CAB}.Debug|Mixed Platforms.Build.0 = Debug|Any CPU
		{493761CB-5190-4283-8C6C-A8CEB5450CAB}.Debug|x86.ActiveCfg = Debug|Any CPU
		{493761CB-5190-4283-8C6C-A8CEB5450CAB}.Release|Any CPU.ActiveCfg = Release|Any CPU
		{493761CB-5190-4283-8C6C-A8CEB5450CAB}.Release|Any CPU.Build.0 = Release|Any CPU
		{493761CB-5190-4283-8C6C-A8CEB5450CAB}.Release|Mixed Platforms.ActiveCfg = Release|Any CPU
		{493761CB-5190-4283-8C6C-A8CEB5450CAB}.Release|Mixed Platforms.Build.0 = Release|Any CPU
		{493761CB-5190-4283-8C6C-A8CEB5450CAB}.Release|x86.ActiveCfg = Release|Any CPU
		{60E882EA-9ACB-4EFE-82A0-8FB1F5884B04}.Debug|Any CPU.ActiveCfg = Debug|Any CPU
		{60E882EA-9ACB-4EFE-82A0-8FB1F5884B04}.Debug|Any CPU.Build.0 = Debug|Any CPU
		{60E882EA-9ACB-4EFE-82A0-8FB1F5884B04}.Debug|Mixed Platforms.ActiveCfg = Debug|Any CPU
		{60E882EA-9ACB-4EFE-82A0-8FB1F5884B04}.Debug|Mixed Platforms.Build.0 = Debug|Any CPU
		{60E882EA-9ACB-4EFE-82A0-8FB1F5884B04}.Debug|x86.ActiveCfg = Debug|Any CPU
		{60E882EA-9ACB-4EFE-82A0-8FB1F5884B04}.Release|Any CPU.ActiveCfg = Release|Any CPU
		{60E882EA-9ACB-4EFE-82A0-8FB1F5884B04}.Release|Any CPU.Build.0 = Release|Any CPU
		{60E882EA-9ACB-4EFE-82A0-8FB1F5884B04}.Release|Mixed Platforms.ActiveCfg = Release|Any CPU
		{60E882EA-9ACB-4EFE-82A0-8FB1F5884B04}.Release|Mixed Platforms.Build.0 = Release|Any CPU
		{60E882EA-9ACB-4EFE-82A0-8FB1F5884B04}.Release|x86.ActiveCfg = Release|Any CPU
		{A999F243-C752-4430-9AF6-8FCE281C9C20}.Debug|Any CPU.ActiveCfg = Debug|Any CPU
		{A999F243-C752-4430-9AF6-8FCE281C9C20}.Debug|Any CPU.Build.0 = Debug|Any CPU
		{A999F243-C752-4430-9AF6-8FCE281C9C20}.Debug|Mixed Platforms.ActiveCfg = Debug|Any CPU
		{A999F243-C752-4430-9AF6-8FCE281C9C20}.Debug|Mixed Platforms.Build.0 = Debug|Any CPU
		{A999F243-C752-4430-9AF6-8FCE281C9C20}.Debug|x86.ActiveCfg = Debug|Any CPU
		{A999F243-C752-4430-9AF6-8FCE281C9C20}.Release|Any CPU.ActiveCfg = Release|Any CPU
		{A999F243-C752-4430-9AF6-8FCE281C9C20}.Release|Any CPU.Build.0 = Release|Any CPU
		{A999F243-C752-4430-9AF6-8FCE281C9C20}.Release|Mixed Platforms.ActiveCfg = Release|Any CPU
		{A999F243-C752-4430-9AF6-8FCE281C9C20}.Release|Mixed Platforms.Build.0 = Release|Any CPU
		{A999F243-C752-4430-9AF6-8FCE281C9C20}.Release|x86.ActiveCfg = Release|Any CPU
		{ACC1E122-B2C8-4441-BDED-D4A77763331A}.Debug|Any CPU.ActiveCfg = Debug|Any CPU
		{ACC1E122-B2C8-4441-BDED-D4A77763331A}.Debug|Any CPU.Build.0 = Debug|Any CPU
		{ACC1E122-B2C8-4441-BDED-D4A77763331A}.Debug|Mixed Platforms.ActiveCfg = Debug|Any CPU
		{ACC1E122-B2C8-4441-BDED-D4A77763331A}.Debug|Mixed Platforms.Build.0 = Debug|Any CPU
		{ACC1E122-B2C8-4441-BDED-D4A77763331A}.Debug|x86.ActiveCfg = Debug|Any CPU
		{ACC1E122-B2C8-4441-BDED-D4A77763331A}.Release|Any CPU.ActiveCfg = Release|Any CPU
		{ACC1E122-B2C8-4441-BDED-D4A77763331A}.Release|Any CPU.Build.0 = Release|Any CPU
		{ACC1E122-B2C8-4441-BDED-D4A77763331A}.Release|Mixed Platforms.ActiveCfg = Release|Any CPU
		{ACC1E122-B2C8-4441-BDED-D4A77763331A}.Release|Mixed Platforms.Build.0 = Release|Any CPU
		{ACC1E122-B2C8-4441-BDED-D4A77763331A}.Release|x86.ActiveCfg = Release|Any CPU
		{0793FB50-67BB-461E-B961-2F45887464CF}.Debug|Any CPU.ActiveCfg = Debug|Any CPU
		{0793FB50-67BB-461E-B961-2F45887464CF}.Debug|Any CPU.Build.0 = Debug|Any CPU
		{0793FB50-67BB-461E-B961-2F45887464CF}.Debug|Mixed Platforms.ActiveCfg = Debug|Any CPU
		{0793FB50-67BB-461E-B961-2F45887464CF}.Debug|Mixed Platforms.Build.0 = Debug|Any CPU
		{0793FB50-67BB-461E-B961-2F45887464CF}.Debug|x86.ActiveCfg = Debug|Any CPU
		{0793FB50-67BB-461E-B961-2F45887464CF}.Release|Any CPU.ActiveCfg = Release|Any CPU
		{0793FB50-67BB-461E-B961-2F45887464CF}.Release|Any CPU.Build.0 = Release|Any CPU
		{0793FB50-67BB-461E-B961-2F45887464CF}.Release|Mixed Platforms.ActiveCfg = Release|Any CPU
		{0793FB50-67BB-461E-B961-2F45887464CF}.Release|Mixed Platforms.Build.0 = Release|Any CPU
		{0793FB50-67BB-461E-B961-2F45887464CF}.Release|x86.ActiveCfg = Release|Any CPU
		{2DCB7949-24C2-49C7-872C-C948E43717E7}.Debug|Any CPU.ActiveCfg = Debug|Any CPU
		{2DCB7949-24C2-49C7-872C-C948E43717E7}.Debug|Any CPU.Build.0 = Debug|Any CPU
		{2DCB7949-24C2-49C7-872C-C948E43717E7}.Debug|Mixed Platforms.ActiveCfg = Debug|Any CPU
		{2DCB7949-24C2-49C7-872C-C948E43717E7}.Debug|Mixed Platforms.Build.0 = Debug|Any CPU
		{2DCB7949-24C2-49C7-872C-C948E43717E7}.Debug|x86.ActiveCfg = Debug|Any CPU
		{2DCB7949-24C2-49C7-872C-C948E43717E7}.Release|Any CPU.ActiveCfg = Release|Any CPU
		{2DCB7949-24C2-49C7-872C-C948E43717E7}.Release|Any CPU.Build.0 = Release|Any CPU
		{2DCB7949-24C2-49C7-872C-C948E43717E7}.Release|Mixed Platforms.ActiveCfg = Release|Any CPU
		{2DCB7949-24C2-49C7-872C-C948E43717E7}.Release|Mixed Platforms.Build.0 = Release|Any CPU
		{2DCB7949-24C2-49C7-872C-C948E43717E7}.Release|x86.ActiveCfg = Release|Any CPU
		{3D61DE73-5B82-40BD-A980-EA54533179C4}.Debug|Any CPU.ActiveCfg = Debug|Any CPU
		{3D61DE73-5B82-40BD-A980-EA54533179C4}.Debug|Any CPU.Build.0 = Debug|Any CPU
		{3D61DE73-5B82-40BD-A980-EA54533179C4}.Debug|Mixed Platforms.ActiveCfg = Debug|Any CPU
		{3D61DE73-5B82-40BD-A980-EA54533179C4}.Debug|Mixed Platforms.Build.0 = Debug|Any CPU
		{3D61DE73-5B82-40BD-A980-EA54533179C4}.Debug|x86.ActiveCfg = Debug|Any CPU
		{3D61DE73-5B82-40BD-A980-EA54533179C4}.Release|Any CPU.ActiveCfg = Release|Any CPU
		{3D61DE73-5B82-40BD-A980-EA54533179C4}.Release|Any CPU.Build.0 = Release|Any CPU
		{3D61DE73-5B82-40BD-A980-EA54533179C4}.Release|Mixed Platforms.ActiveCfg = Release|Any CPU
		{3D61DE73-5B82-40BD-A980-EA54533179C4}.Release|Mixed Platforms.Build.0 = Release|Any CPU
		{3D61DE73-5B82-40BD-A980-EA54533179C4}.Release|x86.ActiveCfg = Release|Any CPU
		{AF706567-352D-4FFC-BBAC-913E8DFA22D6}.Debug|Any CPU.ActiveCfg = Debug|Any CPU
		{AF706567-352D-4FFC-BBAC-913E8DFA22D6}.Debug|Any CPU.Build.0 = Debug|Any CPU
		{AF706567-352D-4FFC-BBAC-913E8DFA22D6}.Debug|Mixed Platforms.ActiveCfg = Debug|Any CPU
		{AF706567-352D-4FFC-BBAC-913E8DFA22D6}.Debug|Mixed Platforms.Build.0 = Debug|Any CPU
		{AF706567-352D-4FFC-BBAC-913E8DFA22D6}.Debug|x86.ActiveCfg = Debug|Any CPU
		{AF706567-352D-4FFC-BBAC-913E8DFA22D6}.Release|Any CPU.ActiveCfg = Release|Any CPU
		{AF706567-352D-4FFC-BBAC-913E8DFA22D6}.Release|Any CPU.Build.0 = Release|Any CPU
		{AF706567-352D-4FFC-BBAC-913E8DFA22D6}.Release|Mixed Platforms.ActiveCfg = Release|Any CPU
		{AF706567-352D-4FFC-BBAC-913E8DFA22D6}.Release|Mixed Platforms.Build.0 = Release|Any CPU
		{AF706567-352D-4FFC-BBAC-913E8DFA22D6}.Release|x86.ActiveCfg = Release|Any CPU
		{A1B992C8-91DC-482E-9D3C-F56E474ED45B}.Debug|Any CPU.ActiveCfg = Debug|Any CPU
		{A1B992C8-91DC-482E-9D3C-F56E474ED45B}.Debug|Any CPU.Build.0 = Debug|Any CPU
		{A1B992C8-91DC-482E-9D3C-F56E474ED45B}.Debug|Mixed Platforms.ActiveCfg = Debug|Any CPU
		{A1B992C8-91DC-482E-9D3C-F56E474ED45B}.Debug|Mixed Platforms.Build.0 = Debug|Any CPU
		{A1B992C8-91DC-482E-9D3C-F56E474ED45B}.Debug|x86.ActiveCfg = Debug|Any CPU
		{A1B992C8-91DC-482E-9D3C-F56E474ED45B}.Release|Any CPU.ActiveCfg = Release|Any CPU
		{A1B992C8-91DC-482E-9D3C-F56E474ED45B}.Release|Any CPU.Build.0 = Release|Any CPU
		{A1B992C8-91DC-482E-9D3C-F56E474ED45B}.Release|Mixed Platforms.ActiveCfg = Release|Any CPU
		{A1B992C8-91DC-482E-9D3C-F56E474ED45B}.Release|Mixed Platforms.Build.0 = Release|Any CPU
		{A1B992C8-91DC-482E-9D3C-F56E474ED45B}.Release|x86.ActiveCfg = Release|Any CPU
		{9A7B9344-6AD0-4828-876D-0BF14C177148}.Debug|Any CPU.ActiveCfg = Debug|Any CPU
		{9A7B9344-6AD0-4828-876D-0BF14C177148}.Debug|Any CPU.Build.0 = Debug|Any CPU
		{9A7B9344-6AD0-4828-876D-0BF14C177148}.Debug|Mixed Platforms.ActiveCfg = Debug|Any CPU
		{9A7B9344-6AD0-4828-876D-0BF14C177148}.Debug|Mixed Platforms.Build.0 = Debug|Any CPU
		{9A7B9344-6AD0-4828-876D-0BF14C177148}.Debug|x86.ActiveCfg = Debug|Any CPU
		{9A7B9344-6AD0-4828-876D-0BF14C177148}.Release|Any CPU.ActiveCfg = Release|Any CPU
		{9A7B9344-6AD0-4828-876D-0BF14C177148}.Release|Any CPU.Build.0 = Release|Any CPU
		{9A7B9344-6AD0-4828-876D-0BF14C177148}.Release|Mixed Platforms.ActiveCfg = Release|Any CPU
		{9A7B9344-6AD0-4828-876D-0BF14C177148}.Release|Mixed Platforms.Build.0 = Release|Any CPU
		{9A7B9344-6AD0-4828-876D-0BF14C177148}.Release|x86.ActiveCfg = Release|Any CPU
		{A284F47B-9DAF-4475-BB79-7A418EECC01D}.Debug|Any CPU.ActiveCfg = Debug|Any CPU
		{A284F47B-9DAF-4475-BB79-7A418EECC01D}.Debug|Any CPU.Build.0 = Debug|Any CPU
		{A284F47B-9DAF-4475-BB79-7A418EECC01D}.Debug|Mixed Platforms.ActiveCfg = Debug|Any CPU
		{A284F47B-9DAF-4475-BB79-7A418EECC01D}.Debug|Mixed Platforms.Build.0 = Debug|Any CPU
		{A284F47B-9DAF-4475-BB79-7A418EECC01D}.Debug|x86.ActiveCfg = Debug|Any CPU
		{A284F47B-9DAF-4475-BB79-7A418EECC01D}.Release|Any CPU.ActiveCfg = Release|Any CPU
		{A284F47B-9DAF-4475-BB79-7A418EECC01D}.Release|Any CPU.Build.0 = Release|Any CPU
		{A284F47B-9DAF-4475-BB79-7A418EECC01D}.Release|Mixed Platforms.ActiveCfg = Release|Any CPU
		{A284F47B-9DAF-4475-BB79-7A418EECC01D}.Release|Mixed Platforms.Build.0 = Release|Any CPU
		{A284F47B-9DAF-4475-BB79-7A418EECC01D}.Release|x86.ActiveCfg = Release|Any CPU
		{83235353-0D04-4028-82B2-81116E7361DA}.Debug|Any CPU.ActiveCfg = Debug|Any CPU
		{83235353-0D04-4028-82B2-81116E7361DA}.Debug|Any CPU.Build.0 = Debug|Any CPU
		{83235353-0D04-4028-82B2-81116E7361DA}.Debug|Mixed Platforms.ActiveCfg = Debug|Any CPU
		{83235353-0D04-4028-82B2-81116E7361DA}.Debug|Mixed Platforms.Build.0 = Debug|Any CPU
		{83235353-0D04-4028-82B2-81116E7361DA}.Debug|x86.ActiveCfg = Debug|Any CPU
		{83235353-0D04-4028-82B2-81116E7361DA}.Release|Any CPU.ActiveCfg = Release|Any CPU
		{83235353-0D04-4028-82B2-81116E7361DA}.Release|Any CPU.Build.0 = Release|Any CPU
		{83235353-0D04-4028-82B2-81116E7361DA}.Release|Mixed Platforms.ActiveCfg = Release|Any CPU
		{83235353-0D04-4028-82B2-81116E7361DA}.Release|Mixed Platforms.Build.0 = Release|Any CPU
		{83235353-0D04-4028-82B2-81116E7361DA}.Release|x86.ActiveCfg = Release|Any CPU
		{5B378AAD-5E5D-441D-9824-30A2995BCA68}.Debug|Any CPU.ActiveCfg = Debug|Any CPU
		{5B378AAD-5E5D-441D-9824-30A2995BCA68}.Debug|Any CPU.Build.0 = Debug|Any CPU
		{5B378AAD-5E5D-441D-9824-30A2995BCA68}.Debug|Mixed Platforms.ActiveCfg = Debug|Any CPU
		{5B378AAD-5E5D-441D-9824-30A2995BCA68}.Debug|Mixed Platforms.Build.0 = Debug|Any CPU
		{5B378AAD-5E5D-441D-9824-30A2995BCA68}.Debug|x86.ActiveCfg = Debug|Any CPU
		{5B378AAD-5E5D-441D-9824-30A2995BCA68}.Release|Any CPU.ActiveCfg = Release|Any CPU
		{5B378AAD-5E5D-441D-9824-30A2995BCA68}.Release|Any CPU.Build.0 = Release|Any CPU
		{5B378AAD-5E5D-441D-9824-30A2995BCA68}.Release|Mixed Platforms.ActiveCfg = Release|Any CPU
		{5B378AAD-5E5D-441D-9824-30A2995BCA68}.Release|Mixed Platforms.Build.0 = Release|Any CPU
		{5B378AAD-5E5D-441D-9824-30A2995BCA68}.Release|x86.ActiveCfg = Release|Any CPU
		{E3362B5B-DA5A-4515-BCB0-0DF982F80E89}.Debug|Any CPU.ActiveCfg = Debug|Any CPU
		{E3362B5B-DA5A-4515-BCB0-0DF982F80E89}.Debug|Any CPU.Build.0 = Debug|Any CPU
		{E3362B5B-DA5A-4515-BCB0-0DF982F80E89}.Debug|Mixed Platforms.ActiveCfg = Debug|Any CPU
		{E3362B5B-DA5A-4515-BCB0-0DF982F80E89}.Debug|Mixed Platforms.Build.0 = Debug|Any CPU
		{E3362B5B-DA5A-4515-BCB0-0DF982F80E89}.Debug|x86.ActiveCfg = Debug|Any CPU
		{E3362B5B-DA5A-4515-BCB0-0DF982F80E89}.Release|Any CPU.ActiveCfg = Release|Any CPU
		{E3362B5B-DA5A-4515-BCB0-0DF982F80E89}.Release|Any CPU.Build.0 = Release|Any CPU
		{E3362B5B-DA5A-4515-BCB0-0DF982F80E89}.Release|Mixed Platforms.ActiveCfg = Release|Any CPU
		{E3362B5B-DA5A-4515-BCB0-0DF982F80E89}.Release|Mixed Platforms.Build.0 = Release|Any CPU
		{E3362B5B-DA5A-4515-BCB0-0DF982F80E89}.Release|x86.ActiveCfg = Release|Any CPU
		{965A02F0-FC84-4AC4-91E4-79EADFC1CA9D}.Debug|Any CPU.ActiveCfg = Debug|Any CPU
		{965A02F0-FC84-4AC4-91E4-79EADFC1CA9D}.Debug|Any CPU.Build.0 = Debug|Any CPU
		{965A02F0-FC84-4AC4-91E4-79EADFC1CA9D}.Debug|Mixed Platforms.ActiveCfg = Debug|Any CPU
		{965A02F0-FC84-4AC4-91E4-79EADFC1CA9D}.Debug|Mixed Platforms.Build.0 = Debug|Any CPU
		{965A02F0-FC84-4AC4-91E4-79EADFC1CA9D}.Debug|x86.ActiveCfg = Debug|Any CPU
		{965A02F0-FC84-4AC4-91E4-79EADFC1CA9D}.Release|Any CPU.ActiveCfg = Release|Any CPU
		{965A02F0-FC84-4AC4-91E4-79EADFC1CA9D}.Release|Any CPU.Build.0 = Release|Any CPU
		{965A02F0-FC84-4AC4-91E4-79EADFC1CA9D}.Release|Mixed Platforms.ActiveCfg = Release|Any CPU
		{965A02F0-FC84-4AC4-91E4-79EADFC1CA9D}.Release|Mixed Platforms.Build.0 = Release|Any CPU
		{965A02F0-FC84-4AC4-91E4-79EADFC1CA9D}.Release|x86.ActiveCfg = Release|Any CPU
		{A10220DE-A72B-4FDB-A1F8-E5C111657088}.Debug|Any CPU.ActiveCfg = Debug|Any CPU
		{A10220DE-A72B-4FDB-A1F8-E5C111657088}.Debug|Any CPU.Build.0 = Debug|Any CPU
		{A10220DE-A72B-4FDB-A1F8-E5C111657088}.Debug|Mixed Platforms.ActiveCfg = Debug|Any CPU
		{A10220DE-A72B-4FDB-A1F8-E5C111657088}.Debug|Mixed Platforms.Build.0 = Debug|Any CPU
		{A10220DE-A72B-4FDB-A1F8-E5C111657088}.Debug|x86.ActiveCfg = Debug|Any CPU
		{A10220DE-A72B-4FDB-A1F8-E5C111657088}.Release|Any CPU.ActiveCfg = Release|Any CPU
		{A10220DE-A72B-4FDB-A1F8-E5C111657088}.Release|Any CPU.Build.0 = Release|Any CPU
		{A10220DE-A72B-4FDB-A1F8-E5C111657088}.Release|Mixed Platforms.ActiveCfg = Release|Any CPU
		{A10220DE-A72B-4FDB-A1F8-E5C111657088}.Release|Mixed Platforms.Build.0 = Release|Any CPU
		{A10220DE-A72B-4FDB-A1F8-E5C111657088}.Release|x86.ActiveCfg = Release|Any CPU
		{446FED73-BCA1-4D8F-BC13-EA1507C7EF29}.Debug|Any CPU.ActiveCfg = Debug|Any CPU
		{446FED73-BCA1-4D8F-BC13-EA1507C7EF29}.Debug|Any CPU.Build.0 = Debug|Any CPU
		{446FED73-BCA1-4D8F-BC13-EA1507C7EF29}.Debug|Mixed Platforms.ActiveCfg = Debug|Any CPU
		{446FED73-BCA1-4D8F-BC13-EA1507C7EF29}.Debug|Mixed Platforms.Build.0 = Debug|Any CPU
		{446FED73-BCA1-4D8F-BC13-EA1507C7EF29}.Debug|x86.ActiveCfg = Debug|Any CPU
		{446FED73-BCA1-4D8F-BC13-EA1507C7EF29}.Release|Any CPU.ActiveCfg = Release|Any CPU
		{446FED73-BCA1-4D8F-BC13-EA1507C7EF29}.Release|Any CPU.Build.0 = Release|Any CPU
		{446FED73-BCA1-4D8F-BC13-EA1507C7EF29}.Release|Mixed Platforms.ActiveCfg = Release|Any CPU
		{446FED73-BCA1-4D8F-BC13-EA1507C7EF29}.Release|Mixed Platforms.Build.0 = Release|Any CPU
		{446FED73-BCA1-4D8F-BC13-EA1507C7EF29}.Release|x86.ActiveCfg = Release|Any CPU
		{6DF00C56-EC49-4AB8-8B29-404E3694026C}.Debug|Any CPU.ActiveCfg = Debug|Any CPU
		{6DF00C56-EC49-4AB8-8B29-404E3694026C}.Debug|Any CPU.Build.0 = Debug|Any CPU
		{6DF00C56-EC49-4AB8-8B29-404E3694026C}.Debug|Mixed Platforms.ActiveCfg = Debug|Any CPU
		{6DF00C56-EC49-4AB8-8B29-404E3694026C}.Debug|Mixed Platforms.Build.0 = Debug|Any CPU
		{6DF00C56-EC49-4AB8-8B29-404E3694026C}.Debug|x86.ActiveCfg = Debug|Any CPU
		{6DF00C56-EC49-4AB8-8B29-404E3694026C}.Release|Any CPU.ActiveCfg = Release|Any CPU
		{6DF00C56-EC49-4AB8-8B29-404E3694026C}.Release|Any CPU.Build.0 = Release|Any CPU
		{6DF00C56-EC49-4AB8-8B29-404E3694026C}.Release|Mixed Platforms.ActiveCfg = Release|Any CPU
		{6DF00C56-EC49-4AB8-8B29-404E3694026C}.Release|Mixed Platforms.Build.0 = Release|Any CPU
		{6DF00C56-EC49-4AB8-8B29-404E3694026C}.Release|x86.ActiveCfg = Release|Any CPU
		{5B956174-04FA-4E95-AA00-3736630FEEFB}.Debug|Any CPU.ActiveCfg = Debug|Any CPU
		{5B956174-04FA-4E95-AA00-3736630FEEFB}.Debug|Any CPU.Build.0 = Debug|Any CPU
		{5B956174-04FA-4E95-AA00-3736630FEEFB}.Debug|Mixed Platforms.ActiveCfg = Debug|Any CPU
		{5B956174-04FA-4E95-AA00-3736630FEEFB}.Debug|Mixed Platforms.Build.0 = Debug|Any CPU
		{5B956174-04FA-4E95-AA00-3736630FEEFB}.Debug|x86.ActiveCfg = Debug|Any CPU
		{5B956174-04FA-4E95-AA00-3736630FEEFB}.Release|Any CPU.ActiveCfg = Release|Any CPU
		{5B956174-04FA-4E95-AA00-3736630FEEFB}.Release|Any CPU.Build.0 = Release|Any CPU
		{5B956174-04FA-4E95-AA00-3736630FEEFB}.Release|Mixed Platforms.ActiveCfg = Release|Any CPU
		{5B956174-04FA-4E95-AA00-3736630FEEFB}.Release|Mixed Platforms.Build.0 = Release|Any CPU
		{5B956174-04FA-4E95-AA00-3736630FEEFB}.Release|x86.ActiveCfg = Release|Any CPU
		{36261AB6-2FD4-4BDA-A941-AF4CC18C21E5}.Debug|Any CPU.ActiveCfg = Debug|Any CPU
		{36261AB6-2FD4-4BDA-A941-AF4CC18C21E5}.Debug|Any CPU.Build.0 = Debug|Any CPU
		{36261AB6-2FD4-4BDA-A941-AF4CC18C21E5}.Debug|Mixed Platforms.ActiveCfg = Debug|Any CPU
		{36261AB6-2FD4-4BDA-A941-AF4CC18C21E5}.Debug|Mixed Platforms.Build.0 = Debug|Any CPU
		{36261AB6-2FD4-4BDA-A941-AF4CC18C21E5}.Debug|x86.ActiveCfg = Debug|Any CPU
		{36261AB6-2FD4-4BDA-A941-AF4CC18C21E5}.Release|Any CPU.ActiveCfg = Release|Any CPU
		{36261AB6-2FD4-4BDA-A941-AF4CC18C21E5}.Release|Any CPU.Build.0 = Release|Any CPU
		{36261AB6-2FD4-4BDA-A941-AF4CC18C21E5}.Release|Mixed Platforms.ActiveCfg = Release|Any CPU
		{36261AB6-2FD4-4BDA-A941-AF4CC18C21E5}.Release|Mixed Platforms.Build.0 = Release|Any CPU
		{36261AB6-2FD4-4BDA-A941-AF4CC18C21E5}.Release|x86.ActiveCfg = Release|Any CPU
		{C4FFB99C-8A99-47E2-B863-3586AE2CF9C9}.Debug|Any CPU.ActiveCfg = Debug|Any CPU
		{C4FFB99C-8A99-47E2-B863-3586AE2CF9C9}.Debug|Any CPU.Build.0 = Debug|Any CPU
		{C4FFB99C-8A99-47E2-B863-3586AE2CF9C9}.Debug|Mixed Platforms.ActiveCfg = Debug|Any CPU
		{C4FFB99C-8A99-47E2-B863-3586AE2CF9C9}.Debug|Mixed Platforms.Build.0 = Debug|Any CPU
		{C4FFB99C-8A99-47E2-B863-3586AE2CF9C9}.Debug|x86.ActiveCfg = Debug|Any CPU
		{C4FFB99C-8A99-47E2-B863-3586AE2CF9C9}.Release|Any CPU.ActiveCfg = Release|Any CPU
		{C4FFB99C-8A99-47E2-B863-3586AE2CF9C9}.Release|Any CPU.Build.0 = Release|Any CPU
		{C4FFB99C-8A99-47E2-B863-3586AE2CF9C9}.Release|Mixed Platforms.ActiveCfg = Release|Any CPU
		{C4FFB99C-8A99-47E2-B863-3586AE2CF9C9}.Release|Mixed Platforms.Build.0 = Release|Any CPU
		{C4FFB99C-8A99-47E2-B863-3586AE2CF9C9}.Release|x86.ActiveCfg = Release|Any CPU
		{D28CAD64-4C88-48CB-8AA4-10B7D050BE56}.Debug|Any CPU.ActiveCfg = Debug|Any CPU
		{D28CAD64-4C88-48CB-8AA4-10B7D050BE56}.Debug|Any CPU.Build.0 = Debug|Any CPU
		{D28CAD64-4C88-48CB-8AA4-10B7D050BE56}.Debug|Mixed Platforms.ActiveCfg = Debug|Any CPU
		{D28CAD64-4C88-48CB-8AA4-10B7D050BE56}.Debug|Mixed Platforms.Build.0 = Debug|Any CPU
		{D28CAD64-4C88-48CB-8AA4-10B7D050BE56}.Debug|x86.ActiveCfg = Debug|Any CPU
		{D28CAD64-4C88-48CB-8AA4-10B7D050BE56}.Release|Any CPU.ActiveCfg = Release|Any CPU
		{D28CAD64-4C88-48CB-8AA4-10B7D050BE56}.Release|Any CPU.Build.0 = Release|Any CPU
		{D28CAD64-4C88-48CB-8AA4-10B7D050BE56}.Release|Mixed Platforms.ActiveCfg = Release|Any CPU
		{D28CAD64-4C88-48CB-8AA4-10B7D050BE56}.Release|Mixed Platforms.Build.0 = Release|Any CPU
		{D28CAD64-4C88-48CB-8AA4-10B7D050BE56}.Release|x86.ActiveCfg = Release|Any CPU
		{CCD7F2C9-6A2C-4CF0-8E89-076B8FC0F144}.Debug|Any CPU.ActiveCfg = Debug|Any CPU
		{CCD7F2C9-6A2C-4CF0-8E89-076B8FC0F144}.Debug|Any CPU.Build.0 = Debug|Any CPU
		{CCD7F2C9-6A2C-4CF0-8E89-076B8FC0F144}.Debug|Mixed Platforms.ActiveCfg = Debug|Any CPU
		{CCD7F2C9-6A2C-4CF0-8E89-076B8FC0F144}.Debug|Mixed Platforms.Build.0 = Debug|Any CPU
		{CCD7F2C9-6A2C-4CF0-8E89-076B8FC0F144}.Debug|x86.ActiveCfg = Debug|Any CPU
		{CCD7F2C9-6A2C-4CF0-8E89-076B8FC0F144}.Release|Any CPU.ActiveCfg = Release|Any CPU
		{CCD7F2C9-6A2C-4CF0-8E89-076B8FC0F144}.Release|Any CPU.Build.0 = Release|Any CPU
		{CCD7F2C9-6A2C-4CF0-8E89-076B8FC0F144}.Release|Mixed Platforms.ActiveCfg = Release|Any CPU
		{CCD7F2C9-6A2C-4CF0-8E89-076B8FC0F144}.Release|Mixed Platforms.Build.0 = Release|Any CPU
		{CCD7F2C9-6A2C-4CF0-8E89-076B8FC0F144}.Release|x86.ActiveCfg = Release|Any CPU
		{6BDA8332-939F-45B7-A25E-7A797260AE59}.Debug|Any CPU.ActiveCfg = Debug|Any CPU
		{6BDA8332-939F-45B7-A25E-7A797260AE59}.Debug|Any CPU.Build.0 = Debug|Any CPU
		{6BDA8332-939F-45B7-A25E-7A797260AE59}.Debug|Mixed Platforms.ActiveCfg = Debug|Any CPU
		{6BDA8332-939F-45B7-A25E-7A797260AE59}.Debug|Mixed Platforms.Build.0 = Debug|Any CPU
		{6BDA8332-939F-45B7-A25E-7A797260AE59}.Debug|x86.ActiveCfg = Debug|Any CPU
		{6BDA8332-939F-45B7-A25E-7A797260AE59}.Release|Any CPU.ActiveCfg = Release|Any CPU
		{6BDA8332-939F-45B7-A25E-7A797260AE59}.Release|Any CPU.Build.0 = Release|Any CPU
		{6BDA8332-939F-45B7-A25E-7A797260AE59}.Release|Mixed Platforms.ActiveCfg = Release|Any CPU
		{6BDA8332-939F-45B7-A25E-7A797260AE59}.Release|Mixed Platforms.Build.0 = Release|Any CPU
		{6BDA8332-939F-45B7-A25E-7A797260AE59}.Release|x86.ActiveCfg = Release|Any CPU
		{4F1F649C-1020-45BE-A487-F416D9297FF3}.Debug|Any CPU.ActiveCfg = Debug|Any CPU
		{4F1F649C-1020-45BE-A487-F416D9297FF3}.Debug|Any CPU.Build.0 = Debug|Any CPU
		{4F1F649C-1020-45BE-A487-F416D9297FF3}.Debug|Mixed Platforms.ActiveCfg = Debug|Any CPU
		{4F1F649C-1020-45BE-A487-F416D9297FF3}.Debug|Mixed Platforms.Build.0 = Debug|Any CPU
		{4F1F649C-1020-45BE-A487-F416D9297FF3}.Debug|x86.ActiveCfg = Debug|Any CPU
		{4F1F649C-1020-45BE-A487-F416D9297FF3}.Release|Any CPU.ActiveCfg = Release|Any CPU
		{4F1F649C-1020-45BE-A487-F416D9297FF3}.Release|Any CPU.Build.0 = Release|Any CPU
		{4F1F649C-1020-45BE-A487-F416D9297FF3}.Release|Mixed Platforms.ActiveCfg = Release|Any CPU
		{4F1F649C-1020-45BE-A487-F416D9297FF3}.Release|Mixed Platforms.Build.0 = Release|Any CPU
		{4F1F649C-1020-45BE-A487-F416D9297FF3}.Release|x86.ActiveCfg = Release|Any CPU
		{152C761A-DD2E-4C1F-AF89-DFB2547A3BCA}.Debug|Any CPU.ActiveCfg = Debug|Any CPU
		{152C761A-DD2E-4C1F-AF89-DFB2547A3BCA}.Debug|Any CPU.Build.0 = Debug|Any CPU
		{152C761A-DD2E-4C1F-AF89-DFB2547A3BCA}.Debug|Mixed Platforms.ActiveCfg = Debug|Any CPU
		{152C761A-DD2E-4C1F-AF89-DFB2547A3BCA}.Debug|Mixed Platforms.Build.0 = Debug|Any CPU
		{152C761A-DD2E-4C1F-AF89-DFB2547A3BCA}.Debug|x86.ActiveCfg = Debug|Any CPU
		{152C761A-DD2E-4C1F-AF89-DFB2547A3BCA}.Release|Any CPU.ActiveCfg = Release|Any CPU
		{152C761A-DD2E-4C1F-AF89-DFB2547A3BCA}.Release|Any CPU.Build.0 = Release|Any CPU
		{152C761A-DD2E-4C1F-AF89-DFB2547A3BCA}.Release|Mixed Platforms.ActiveCfg = Release|Any CPU
		{152C761A-DD2E-4C1F-AF89-DFB2547A3BCA}.Release|Mixed Platforms.Build.0 = Release|Any CPU
		{152C761A-DD2E-4C1F-AF89-DFB2547A3BCA}.Release|x86.ActiveCfg = Release|Any CPU
		{75FD4163-333C-4DD5-854D-2EF294E45D94}.Debug|Any CPU.ActiveCfg = Debug|Any CPU
		{75FD4163-333C-4DD5-854D-2EF294E45D94}.Debug|Any CPU.Build.0 = Debug|Any CPU
		{75FD4163-333C-4DD5-854D-2EF294E45D94}.Debug|Mixed Platforms.ActiveCfg = Debug|Any CPU
		{75FD4163-333C-4DD5-854D-2EF294E45D94}.Debug|Mixed Platforms.Build.0 = Debug|Any CPU
		{75FD4163-333C-4DD5-854D-2EF294E45D94}.Debug|x86.ActiveCfg = Debug|Any CPU
		{75FD4163-333C-4DD5-854D-2EF294E45D94}.Release|Any CPU.ActiveCfg = Release|Any CPU
		{75FD4163-333C-4DD5-854D-2EF294E45D94}.Release|Any CPU.Build.0 = Release|Any CPU
		{75FD4163-333C-4DD5-854D-2EF294E45D94}.Release|Mixed Platforms.ActiveCfg = Release|Any CPU
		{75FD4163-333C-4DD5-854D-2EF294E45D94}.Release|Mixed Platforms.Build.0 = Release|Any CPU
		{75FD4163-333C-4DD5-854D-2EF294E45D94}.Release|x86.ActiveCfg = Release|Any CPU
		{DD12934F-62E5-4A12-858A-82B2F17EA1D4}.Debug|Any CPU.ActiveCfg = Debug|Any CPU
		{DD12934F-62E5-4A12-858A-82B2F17EA1D4}.Debug|Any CPU.Build.0 = Debug|Any CPU
		{DD12934F-62E5-4A12-858A-82B2F17EA1D4}.Debug|Mixed Platforms.ActiveCfg = Debug|Any CPU
		{DD12934F-62E5-4A12-858A-82B2F17EA1D4}.Debug|Mixed Platforms.Build.0 = Debug|Any CPU
		{DD12934F-62E5-4A12-858A-82B2F17EA1D4}.Debug|x86.ActiveCfg = Debug|Any CPU
		{DD12934F-62E5-4A12-858A-82B2F17EA1D4}.Release|Any CPU.ActiveCfg = Release|Any CPU
		{DD12934F-62E5-4A12-858A-82B2F17EA1D4}.Release|Any CPU.Build.0 = Release|Any CPU
		{DD12934F-62E5-4A12-858A-82B2F17EA1D4}.Release|Mixed Platforms.ActiveCfg = Release|Any CPU
		{DD12934F-62E5-4A12-858A-82B2F17EA1D4}.Release|Mixed Platforms.Build.0 = Release|Any CPU
		{DD12934F-62E5-4A12-858A-82B2F17EA1D4}.Release|x86.ActiveCfg = Release|Any CPU
		{D8947A85-F0D7-4FF5-8E77-ED4EE18447C8}.Debug|Any CPU.ActiveCfg = Debug|Any CPU
		{D8947A85-F0D7-4FF5-8E77-ED4EE18447C8}.Debug|Any CPU.Build.0 = Debug|Any CPU
		{D8947A85-F0D7-4FF5-8E77-ED4EE18447C8}.Debug|Mixed Platforms.ActiveCfg = Debug|Any CPU
		{D8947A85-F0D7-4FF5-8E77-ED4EE18447C8}.Debug|Mixed Platforms.Build.0 = Debug|Any CPU
		{D8947A85-F0D7-4FF5-8E77-ED4EE18447C8}.Debug|x86.ActiveCfg = Debug|Any CPU
		{D8947A85-F0D7-4FF5-8E77-ED4EE18447C8}.Release|Any CPU.ActiveCfg = Release|Any CPU
		{D8947A85-F0D7-4FF5-8E77-ED4EE18447C8}.Release|Any CPU.Build.0 = Release|Any CPU
		{D8947A85-F0D7-4FF5-8E77-ED4EE18447C8}.Release|Mixed Platforms.ActiveCfg = Release|Any CPU
		{D8947A85-F0D7-4FF5-8E77-ED4EE18447C8}.Release|Mixed Platforms.Build.0 = Release|Any CPU
		{D8947A85-F0D7-4FF5-8E77-ED4EE18447C8}.Release|x86.ActiveCfg = Release|Any CPU
		{DCC07617-E6EB-4F3C-AAFF-B15CA2B6E07F}.Debug|Any CPU.ActiveCfg = Debug|Any CPU
		{DCC07617-E6EB-4F3C-AAFF-B15CA2B6E07F}.Debug|Any CPU.Build.0 = Debug|Any CPU
		{DCC07617-E6EB-4F3C-AAFF-B15CA2B6E07F}.Debug|Mixed Platforms.ActiveCfg = Debug|Any CPU
		{DCC07617-E6EB-4F3C-AAFF-B15CA2B6E07F}.Debug|Mixed Platforms.Build.0 = Debug|Any CPU
		{DCC07617-E6EB-4F3C-AAFF-B15CA2B6E07F}.Debug|x86.ActiveCfg = Debug|Any CPU
		{DCC07617-E6EB-4F3C-AAFF-B15CA2B6E07F}.Release|Any CPU.ActiveCfg = Release|Any CPU
		{DCC07617-E6EB-4F3C-AAFF-B15CA2B6E07F}.Release|Any CPU.Build.0 = Release|Any CPU
		{DCC07617-E6EB-4F3C-AAFF-B15CA2B6E07F}.Release|Mixed Platforms.ActiveCfg = Release|Any CPU
		{DCC07617-E6EB-4F3C-AAFF-B15CA2B6E07F}.Release|Mixed Platforms.Build.0 = Release|Any CPU
		{DCC07617-E6EB-4F3C-AAFF-B15CA2B6E07F}.Release|x86.ActiveCfg = Release|Any CPU
		{CD28D50C-38C3-4371-80B3-71FE7853D61D}.Debug|Any CPU.ActiveCfg = Debug|Any CPU
		{CD28D50C-38C3-4371-80B3-71FE7853D61D}.Debug|Any CPU.Build.0 = Debug|Any CPU
		{CD28D50C-38C3-4371-80B3-71FE7853D61D}.Debug|Mixed Platforms.ActiveCfg = Debug|Any CPU
		{CD28D50C-38C3-4371-80B3-71FE7853D61D}.Debug|Mixed Platforms.Build.0 = Debug|Any CPU
		{CD28D50C-38C3-4371-80B3-71FE7853D61D}.Debug|x86.ActiveCfg = Debug|Any CPU
		{CD28D50C-38C3-4371-80B3-71FE7853D61D}.Release|Any CPU.ActiveCfg = Release|Any CPU
		{CD28D50C-38C3-4371-80B3-71FE7853D61D}.Release|Any CPU.Build.0 = Release|Any CPU
		{CD28D50C-38C3-4371-80B3-71FE7853D61D}.Release|Mixed Platforms.ActiveCfg = Release|Any CPU
		{CD28D50C-38C3-4371-80B3-71FE7853D61D}.Release|Mixed Platforms.Build.0 = Release|Any CPU
		{CD28D50C-38C3-4371-80B3-71FE7853D61D}.Release|x86.ActiveCfg = Release|Any CPU
	EndGlobalSection
	GlobalSection(SolutionProperties) = preSolution
		HideSolutionNode = FALSE
	EndGlobalSection
	GlobalSection(NestedProjects) = preSolution
		{7A9BDC6A-F880-43D5-9B2A-59C1674CE449} = {A340B280-C12B-47E7-90B7-89C650F8AAFC}
		{0D303E2D-0367-4F66-AC03-F1658FBBB24D} = {A340B280-C12B-47E7-90B7-89C650F8AAFC}
		{5DCBE5B1-1A02-48E7-9853-5FCEF2A36805} = {A340B280-C12B-47E7-90B7-89C650F8AAFC}
		{1D9EB579-3630-468A-BE94-49E7DF4F6E1D} = {A340B280-C12B-47E7-90B7-89C650F8AAFC}
		{57718244-1B22-4637-9DBF-F5D8E460FC95} = {A340B280-C12B-47E7-90B7-89C650F8AAFC}
		{83983F89-88C0-4EDD-9F11-C33D8CB64B2B} = {7881B112-7843-4542-B1F7-F99553FB9BB7}
		{32A863AA-B05C-4FF7-9024-CF0AF278E04F} = {7881B112-7843-4542-B1F7-F99553FB9BB7}
		{2B2CFB11-B088-4D14-83AB-AB2526FBCA60} = {7881B112-7843-4542-B1F7-F99553FB9BB7}
		{B9803B1B-6798-45A1-BDAA-5C8AA181B4D6} = {7881B112-7843-4542-B1F7-F99553FB9BB7}
		{2759D748-6E7B-449E-8369-5F910670F976} = {7881B112-7843-4542-B1F7-F99553FB9BB7}
		{419140B0-A90E-47F0-8ADB-697BE532725C} = {7881B112-7843-4542-B1F7-F99553FB9BB7}
		{8B84F0CD-726D-45D0-8EB5-09BC4ED5BCB0} = {7881B112-7843-4542-B1F7-F99553FB9BB7}
		{252FB086-B3DA-4645-9DC1-40DC1BC82FD5} = {7881B112-7843-4542-B1F7-F99553FB9BB7}
		{80D551E6-D959-413D-8470-8B02C1A122B7} = {7881B112-7843-4542-B1F7-F99553FB9BB7}
		{B3D76228-3B52-4786-8F47-87D3060ED1AD} = {7881B112-7843-4542-B1F7-F99553FB9BB7}
		{3D61DE73-5B82-40BD-A980-EA54533179C4} = {83983F89-88C0-4EDD-9F11-C33D8CB64B2B}
		{AF706567-352D-4FFC-BBAC-913E8DFA22D6} = {83983F89-88C0-4EDD-9F11-C33D8CB64B2B}
		{A1B992C8-91DC-482E-9D3C-F56E474ED45B} = {83983F89-88C0-4EDD-9F11-C33D8CB64B2B}
		{9A7B9344-6AD0-4828-876D-0BF14C177148} = {83983F89-88C0-4EDD-9F11-C33D8CB64B2B}
		{A284F47B-9DAF-4475-BB79-7A418EECC01D} = {83983F89-88C0-4EDD-9F11-C33D8CB64B2B}
		{83235353-0D04-4028-82B2-81116E7361DA} = {83983F89-88C0-4EDD-9F11-C33D8CB64B2B}
		{5B378AAD-5E5D-441D-9824-30A2995BCA68} = {83983F89-88C0-4EDD-9F11-C33D8CB64B2B}
		{5B956174-04FA-4E95-AA00-3736630FEEFB} = {32A863AA-B05C-4FF7-9024-CF0AF278E04F}
		{36261AB6-2FD4-4BDA-A941-AF4CC18C21E5} = {32A863AA-B05C-4FF7-9024-CF0AF278E04F}
		{C4FFB99C-8A99-47E2-B863-3586AE2CF9C9} = {32A863AA-B05C-4FF7-9024-CF0AF278E04F}
		{D28CAD64-4C88-48CB-8AA4-10B7D050BE56} = {32A863AA-B05C-4FF7-9024-CF0AF278E04F}
		{6DF00C56-EC49-4AB8-8B29-404E3694026C} = {2B2CFB11-B088-4D14-83AB-AB2526FBCA60}
		{A10220DE-A72B-4FDB-A1F8-E5C111657088} = {B9803B1B-6798-45A1-BDAA-5C8AA181B4D6}
		{446FED73-BCA1-4D8F-BC13-EA1507C7EF29} = {B9803B1B-6798-45A1-BDAA-5C8AA181B4D6}
		{965A02F0-FC84-4AC4-91E4-79EADFC1CA9D} = {2759D748-6E7B-449E-8369-5F910670F976}
		{E3362B5B-DA5A-4515-BCB0-0DF982F80E89} = {419140B0-A90E-47F0-8ADB-697BE532725C}
		{ACC1E122-B2C8-4441-BDED-D4A77763331A} = {8B84F0CD-726D-45D0-8EB5-09BC4ED5BCB0}
		{0793FB50-67BB-461E-B961-2F45887464CF} = {8B84F0CD-726D-45D0-8EB5-09BC4ED5BCB0}
		{2DCB7949-24C2-49C7-872C-C948E43717E7} = {8B84F0CD-726D-45D0-8EB5-09BC4ED5BCB0}
		{493761CB-5190-4283-8C6C-A8CEB5450CAB} = {252FB086-B3DA-4645-9DC1-40DC1BC82FD5}
		{60E882EA-9ACB-4EFE-82A0-8FB1F5884B04} = {252FB086-B3DA-4645-9DC1-40DC1BC82FD5}
		{A999F243-C752-4430-9AF6-8FCE281C9C20} = {252FB086-B3DA-4645-9DC1-40DC1BC82FD5}
		{C2B83AF5-80F6-4B8C-8628-FA7DE10C3BB5} = {80D551E6-D959-413D-8470-8B02C1A122B7}
		{DD12934F-62E5-4A12-858A-82B2F17EA1D4} = {80D551E6-D959-413D-8470-8B02C1A122B7}
		{D8947A85-F0D7-4FF5-8E77-ED4EE18447C8} = {B3D76228-3B52-4786-8F47-87D3060ED1AD}
		{DCC07617-E6EB-4F3C-AAFF-B15CA2B6E07F} = {DB17E553-DCB5-4851-A5AB-542C09CAC7CA}
		{CD28D50C-38C3-4371-80B3-71FE7853D61D} = {DB17E553-DCB5-4851-A5AB-542C09CAC7CA}
	EndGlobalSection
	GlobalSection(NDepend) = preSolution
		Project = ".\SmartStoreNET.ndproj"
	EndGlobalSection
EndGlobal
