
Microsoft Visual Studio Solution File, Format Version 12.00
# Visual Studio 15
VisualStudioVersion = 15.0.26228.9
MinimumVisualStudioVersion = 10.0.40219.1
Project("{2150E333-8FDC-42A3-9474-1A3956D46DE8}") = "Plugins", "Plugins", "{7881B112-7843-4542-B1F7-F99553FB9BB7}"
EndProject
Project("{FAE04EC0-301F-11D3-BF4B-00C04F79EFBC}") = "SmartStore.Services", "Libraries\SmartStore.Services\SmartStore.Services.csproj", "{210541AD-F659-47DA-8763-16F36C5CD2F4}"
EndProject
Project("{FAE04EC0-301F-11D3-BF4B-00C04F79EFBC}") = "SmartStore.Data", "Libraries\SmartStore.Data\SmartStore.Data.csproj", "{CCD7F2C9-6A2C-4CF0-8E89-076B8FC0F144}"
EndProject
Project("{FAE04EC0-301F-11D3-BF4B-00C04F79EFBC}") = "SmartStore.Core", "Libraries\SmartStore.Core\SmartStore.Core.csproj", "{6BDA8332-939F-45B7-A25E-7A797260AE59}"
EndProject
Project("{FAE04EC0-301F-11D3-BF4B-00C04F79EFBC}") = "SmartStore.Web", "Presentation\SmartStore.Web\SmartStore.Web.csproj", "{4F1F649C-1020-45BE-A487-F416D9297FF3}"
EndProject
Project("{FAE04EC0-301F-11D3-BF4B-00C04F79EFBC}") = "SmartStore.Admin", "Presentation\SmartStore.Web\Administration\SmartStore.Admin.csproj", "{152C761A-DD2E-4C1F-AF89-DFB2547A3BCA}"
EndProject
Project("{FAE04EC0-301F-11D3-BF4B-00C04F79EFBC}") = "SmartStore.Web.Framework", "Presentation\SmartStore.Web.Framework\SmartStore.Web.Framework.csproj", "{75FD4163-333C-4DD5-854D-2EF294E45D94}"
EndProject
Project("{2150E333-8FDC-42A3-9474-1A3956D46DE8}") = "Solution Items", "Solution Items", "{E11A41CA-FA9F-4BB7-A35E-F80EE1084232}"
	ProjectSection(SolutionItems) = preProject
		AssemblySharedInfo.cs = AssemblySharedInfo.cs
		AssemblyVersionInfo.cs = AssemblyVersionInfo.cs
	EndProjectSection
EndProject
Project("{2150E333-8FDC-42A3-9474-1A3956D46DE8}") = ".nuget", ".nuget", "{C0A5A9AE-1509-4795-82CD-0BE7D6A17C69}"
	ProjectSection(SolutionItems) = preProject
		.nuget\NuGet.Config = .nuget\NuGet.Config
		.nuget\NuGet.exe = .nuget\NuGet.exe
		.nuget\NuGet.targets = .nuget\NuGet.targets
	EndProjectSection
EndProject
Project("{FAE04EC0-301F-11D3-BF4B-00C04F79EFBC}") = "SmartStore.OfflinePayment", "Plugins\SmartStore.OfflinePayment\SmartStore.OfflinePayment.csproj", "{692E9D31-1393-47BF-B372-63F671052F89}"
EndProject
Project("{FAE04EC0-301F-11D3-BF4B-00C04F79EFBC}") = "SmartStore.Tax", "Plugins\SmartStore.Tax\SmartStore.Tax.csproj", "{94D1BEEB-64A3-4EB6-9017-D66AFAF4F2B2}"
EndProject
Project("{FAE04EC0-301F-11D3-BF4B-00C04F79EFBC}") = "SmartStore.Shipping", "Plugins\SmartStore.Shipping\SmartStore.Shipping.csproj", "{ACC1E122-B2C8-4441-BDED-D4A77763331A}"
EndProject
Project("{FAE04EC0-301F-11D3-BF4B-00C04F79EFBC}") = "SmartStore.DevTools", "Plugins\SmartStore.DevTools\SmartStore.DevTools.csproj", "{542B9C12-E2A1-49BB-9134-0E3484F9D669}"
EndProject
Global
	GlobalSection(SolutionConfigurationPlatforms) = preSolution
		Debug|Any CPU = Debug|Any CPU
		Debug|Mixed Platforms = Debug|Mixed Platforms
		Debug|x86 = Debug|x86
		EFMigrations|Any CPU = EFMigrations|Any CPU
		EFMigrations|Mixed Platforms = EFMigrations|Mixed Platforms
		EFMigrations|x86 = EFMigrations|x86
		PluginDev|Any CPU = PluginDev|Any CPU
		PluginDev|Mixed Platforms = PluginDev|Mixed Platforms
		PluginDev|x86 = PluginDev|x86
		Release|Any CPU = Release|Any CPU
		Release|Mixed Platforms = Release|Mixed Platforms
		Release|x86 = Release|x86
	EndGlobalSection
	GlobalSection(ProjectConfigurationPlatforms) = postSolution
		{210541AD-F659-47DA-8763-16F36C5CD2F4}.Debug|Any CPU.ActiveCfg = Debug|Any CPU
		{210541AD-F659-47DA-8763-16F36C5CD2F4}.Debug|Any CPU.Build.0 = Debug|Any CPU
		{210541AD-F659-47DA-8763-16F36C5CD2F4}.Debug|Mixed Platforms.ActiveCfg = Debug|Any CPU
		{210541AD-F659-47DA-8763-16F36C5CD2F4}.Debug|Mixed Platforms.Build.0 = Debug|Any CPU
		{210541AD-F659-47DA-8763-16F36C5CD2F4}.Debug|x86.ActiveCfg = Debug|Any CPU
		{210541AD-F659-47DA-8763-16F36C5CD2F4}.EFMigrations|Any CPU.ActiveCfg = EFMigrations|Any CPU
		{210541AD-F659-47DA-8763-16F36C5CD2F4}.EFMigrations|Any CPU.Build.0 = EFMigrations|Any CPU
		{210541AD-F659-47DA-8763-16F36C5CD2F4}.EFMigrations|Mixed Platforms.ActiveCfg = EFMigrations|Any CPU
		{210541AD-F659-47DA-8763-16F36C5CD2F4}.EFMigrations|Mixed Platforms.Build.0 = EFMigrations|Any CPU
		{210541AD-F659-47DA-8763-16F36C5CD2F4}.EFMigrations|x86.ActiveCfg = EFMigrations|Any CPU
		{210541AD-F659-47DA-8763-16F36C5CD2F4}.PluginDev|Any CPU.ActiveCfg = PluginDev|Any CPU
		{210541AD-F659-47DA-8763-16F36C5CD2F4}.PluginDev|Any CPU.Build.0 = PluginDev|Any CPU
		{210541AD-F659-47DA-8763-16F36C5CD2F4}.PluginDev|Mixed Platforms.ActiveCfg = PluginDev|Any CPU
		{210541AD-F659-47DA-8763-16F36C5CD2F4}.PluginDev|Mixed Platforms.Build.0 = PluginDev|Any CPU
		{210541AD-F659-47DA-8763-16F36C5CD2F4}.PluginDev|x86.ActiveCfg = PluginDev|Any CPU
		{210541AD-F659-47DA-8763-16F36C5CD2F4}.Release|Any CPU.ActiveCfg = Release|Any CPU
		{210541AD-F659-47DA-8763-16F36C5CD2F4}.Release|Any CPU.Build.0 = Release|Any CPU
		{210541AD-F659-47DA-8763-16F36C5CD2F4}.Release|Mixed Platforms.ActiveCfg = Release|Any CPU
		{210541AD-F659-47DA-8763-16F36C5CD2F4}.Release|Mixed Platforms.Build.0 = Release|Any CPU
		{210541AD-F659-47DA-8763-16F36C5CD2F4}.Release|x86.ActiveCfg = Release|Any CPU
		{CCD7F2C9-6A2C-4CF0-8E89-076B8FC0F144}.Debug|Any CPU.ActiveCfg = Debug|Any CPU
		{CCD7F2C9-6A2C-4CF0-8E89-076B8FC0F144}.Debug|Any CPU.Build.0 = Debug|Any CPU
		{CCD7F2C9-6A2C-4CF0-8E89-076B8FC0F144}.Debug|Mixed Platforms.ActiveCfg = Debug|Any CPU
		{CCD7F2C9-6A2C-4CF0-8E89-076B8FC0F144}.Debug|Mixed Platforms.Build.0 = Debug|Any CPU
		{CCD7F2C9-6A2C-4CF0-8E89-076B8FC0F144}.Debug|x86.ActiveCfg = Debug|Any CPU
		{CCD7F2C9-6A2C-4CF0-8E89-076B8FC0F144}.EFMigrations|Any CPU.ActiveCfg = EFMigrations|Any CPU
		{CCD7F2C9-6A2C-4CF0-8E89-076B8FC0F144}.EFMigrations|Any CPU.Build.0 = EFMigrations|Any CPU
		{CCD7F2C9-6A2C-4CF0-8E89-076B8FC0F144}.EFMigrations|Mixed Platforms.ActiveCfg = EFMigrations|Any CPU
		{CCD7F2C9-6A2C-4CF0-8E89-076B8FC0F144}.EFMigrations|Mixed Platforms.Build.0 = EFMigrations|Any CPU
		{CCD7F2C9-6A2C-4CF0-8E89-076B8FC0F144}.EFMigrations|x86.ActiveCfg = EFMigrations|Any CPU
		{CCD7F2C9-6A2C-4CF0-8E89-076B8FC0F144}.PluginDev|Any CPU.ActiveCfg = PluginDev|Any CPU
		{CCD7F2C9-6A2C-4CF0-8E89-076B8FC0F144}.PluginDev|Any CPU.Build.0 = PluginDev|Any CPU
		{CCD7F2C9-6A2C-4CF0-8E89-076B8FC0F144}.PluginDev|Mixed Platforms.ActiveCfg = PluginDev|Any CPU
		{CCD7F2C9-6A2C-4CF0-8E89-076B8FC0F144}.PluginDev|Mixed Platforms.Build.0 = PluginDev|Any CPU
		{CCD7F2C9-6A2C-4CF0-8E89-076B8FC0F144}.PluginDev|x86.ActiveCfg = PluginDev|Any CPU
		{CCD7F2C9-6A2C-4CF0-8E89-076B8FC0F144}.Release|Any CPU.ActiveCfg = Release|Any CPU
		{CCD7F2C9-6A2C-4CF0-8E89-076B8FC0F144}.Release|Any CPU.Build.0 = Release|Any CPU
		{CCD7F2C9-6A2C-4CF0-8E89-076B8FC0F144}.Release|Mixed Platforms.ActiveCfg = Release|Any CPU
		{CCD7F2C9-6A2C-4CF0-8E89-076B8FC0F144}.Release|Mixed Platforms.Build.0 = Release|Any CPU
		{CCD7F2C9-6A2C-4CF0-8E89-076B8FC0F144}.Release|x86.ActiveCfg = Release|Any CPU
		{6BDA8332-939F-45B7-A25E-7A797260AE59}.Debug|Any CPU.ActiveCfg = Debug|Any CPU
		{6BDA8332-939F-45B7-A25E-7A797260AE59}.Debug|Any CPU.Build.0 = Debug|Any CPU
		{6BDA8332-939F-45B7-A25E-7A797260AE59}.Debug|Mixed Platforms.ActiveCfg = Debug|Any CPU
		{6BDA8332-939F-45B7-A25E-7A797260AE59}.Debug|Mixed Platforms.Build.0 = Debug|Any CPU
		{6BDA8332-939F-45B7-A25E-7A797260AE59}.Debug|x86.ActiveCfg = Debug|Any CPU
		{6BDA8332-939F-45B7-A25E-7A797260AE59}.EFMigrations|Any CPU.ActiveCfg = EFMigrations|Any CPU
		{6BDA8332-939F-45B7-A25E-7A797260AE59}.EFMigrations|Any CPU.Build.0 = EFMigrations|Any CPU
		{6BDA8332-939F-45B7-A25E-7A797260AE59}.EFMigrations|Mixed Platforms.ActiveCfg = EFMigrations|Any CPU
		{6BDA8332-939F-45B7-A25E-7A797260AE59}.EFMigrations|Mixed Platforms.Build.0 = EFMigrations|Any CPU
		{6BDA8332-939F-45B7-A25E-7A797260AE59}.EFMigrations|x86.ActiveCfg = EFMigrations|Any CPU
		{6BDA8332-939F-45B7-A25E-7A797260AE59}.PluginDev|Any CPU.ActiveCfg = PluginDev|Any CPU
		{6BDA8332-939F-45B7-A25E-7A797260AE59}.PluginDev|Any CPU.Build.0 = PluginDev|Any CPU
		{6BDA8332-939F-45B7-A25E-7A797260AE59}.PluginDev|Mixed Platforms.ActiveCfg = PluginDev|Any CPU
		{6BDA8332-939F-45B7-A25E-7A797260AE59}.PluginDev|Mixed Platforms.Build.0 = PluginDev|Any CPU
		{6BDA8332-939F-45B7-A25E-7A797260AE59}.PluginDev|x86.ActiveCfg = PluginDev|Any CPU
		{6BDA8332-939F-45B7-A25E-7A797260AE59}.Release|Any CPU.ActiveCfg = Release|Any CPU
		{6BDA8332-939F-45B7-A25E-7A797260AE59}.Release|Any CPU.Build.0 = Release|Any CPU
		{6BDA8332-939F-45B7-A25E-7A797260AE59}.Release|Mixed Platforms.ActiveCfg = Release|Any CPU
		{6BDA8332-939F-45B7-A25E-7A797260AE59}.Release|Mixed Platforms.Build.0 = Release|Any CPU
		{6BDA8332-939F-45B7-A25E-7A797260AE59}.Release|x86.ActiveCfg = Release|Any CPU
		{4F1F649C-1020-45BE-A487-F416D9297FF3}.Debug|Any CPU.ActiveCfg = Debug|Any CPU
		{4F1F649C-1020-45BE-A487-F416D9297FF3}.Debug|Any CPU.Build.0 = Debug|Any CPU
		{4F1F649C-1020-45BE-A487-F416D9297FF3}.Debug|Mixed Platforms.ActiveCfg = Debug|Any CPU
		{4F1F649C-1020-45BE-A487-F416D9297FF3}.Debug|Mixed Platforms.Build.0 = Debug|Any CPU
		{4F1F649C-1020-45BE-A487-F416D9297FF3}.Debug|x86.ActiveCfg = Debug|Any CPU
		{4F1F649C-1020-45BE-A487-F416D9297FF3}.EFMigrations|Any CPU.ActiveCfg = EFMigrations|Any CPU
		{4F1F649C-1020-45BE-A487-F416D9297FF3}.EFMigrations|Any CPU.Build.0 = EFMigrations|Any CPU
		{4F1F649C-1020-45BE-A487-F416D9297FF3}.EFMigrations|Mixed Platforms.ActiveCfg = EFMigrations|Any CPU
		{4F1F649C-1020-45BE-A487-F416D9297FF3}.EFMigrations|Mixed Platforms.Build.0 = EFMigrations|Any CPU
		{4F1F649C-1020-45BE-A487-F416D9297FF3}.EFMigrations|x86.ActiveCfg = EFMigrations|Any CPU
		{4F1F649C-1020-45BE-A487-F416D9297FF3}.PluginDev|Any CPU.ActiveCfg = PluginDev|Any CPU
		{4F1F649C-1020-45BE-A487-F416D9297FF3}.PluginDev|Any CPU.Build.0 = PluginDev|Any CPU
		{4F1F649C-1020-45BE-A487-F416D9297FF3}.PluginDev|Mixed Platforms.ActiveCfg = PluginDev|Any CPU
		{4F1F649C-1020-45BE-A487-F416D9297FF3}.PluginDev|Mixed Platforms.Build.0 = PluginDev|Any CPU
		{4F1F649C-1020-45BE-A487-F416D9297FF3}.PluginDev|x86.ActiveCfg = PluginDev|Any CPU
		{4F1F649C-1020-45BE-A487-F416D9297FF3}.Release|Any CPU.ActiveCfg = Release|Any CPU
		{4F1F649C-1020-45BE-A487-F416D9297FF3}.Release|Any CPU.Build.0 = Release|Any CPU
		{4F1F649C-1020-45BE-A487-F416D9297FF3}.Release|Mixed Platforms.ActiveCfg = Release|Any CPU
		{4F1F649C-1020-45BE-A487-F416D9297FF3}.Release|Mixed Platforms.Build.0 = Release|Any CPU
		{4F1F649C-1020-45BE-A487-F416D9297FF3}.Release|x86.ActiveCfg = Release|Any CPU
		{152C761A-DD2E-4C1F-AF89-DFB2547A3BCA}.Debug|Any CPU.ActiveCfg = Debug|Any CPU
		{152C761A-DD2E-4C1F-AF89-DFB2547A3BCA}.Debug|Any CPU.Build.0 = Debug|Any CPU
		{152C761A-DD2E-4C1F-AF89-DFB2547A3BCA}.Debug|Mixed Platforms.ActiveCfg = Debug|Any CPU
		{152C761A-DD2E-4C1F-AF89-DFB2547A3BCA}.Debug|Mixed Platforms.Build.0 = Debug|Any CPU
		{152C761A-DD2E-4C1F-AF89-DFB2547A3BCA}.Debug|x86.ActiveCfg = Debug|Any CPU
		{152C761A-DD2E-4C1F-AF89-DFB2547A3BCA}.EFMigrations|Any CPU.ActiveCfg = EFMigrations|Any CPU
		{152C761A-DD2E-4C1F-AF89-DFB2547A3BCA}.EFMigrations|Any CPU.Build.0 = EFMigrations|Any CPU
		{152C761A-DD2E-4C1F-AF89-DFB2547A3BCA}.EFMigrations|Mixed Platforms.ActiveCfg = EFMigrations|Any CPU
		{152C761A-DD2E-4C1F-AF89-DFB2547A3BCA}.EFMigrations|Mixed Platforms.Build.0 = EFMigrations|Any CPU
		{152C761A-DD2E-4C1F-AF89-DFB2547A3BCA}.EFMigrations|x86.ActiveCfg = EFMigrations|Any CPU
		{152C761A-DD2E-4C1F-AF89-DFB2547A3BCA}.PluginDev|Any CPU.ActiveCfg = PluginDev|Any CPU
		{152C761A-DD2E-4C1F-AF89-DFB2547A3BCA}.PluginDev|Any CPU.Build.0 = PluginDev|Any CPU
		{152C761A-DD2E-4C1F-AF89-DFB2547A3BCA}.PluginDev|Mixed Platforms.ActiveCfg = PluginDev|Any CPU
		{152C761A-DD2E-4C1F-AF89-DFB2547A3BCA}.PluginDev|Mixed Platforms.Build.0 = PluginDev|Any CPU
		{152C761A-DD2E-4C1F-AF89-DFB2547A3BCA}.PluginDev|x86.ActiveCfg = PluginDev|Any CPU
		{152C761A-DD2E-4C1F-AF89-DFB2547A3BCA}.Release|Any CPU.ActiveCfg = Release|Any CPU
		{152C761A-DD2E-4C1F-AF89-DFB2547A3BCA}.Release|Any CPU.Build.0 = Release|Any CPU
		{152C761A-DD2E-4C1F-AF89-DFB2547A3BCA}.Release|Mixed Platforms.ActiveCfg = Release|Any CPU
		{152C761A-DD2E-4C1F-AF89-DFB2547A3BCA}.Release|Mixed Platforms.Build.0 = Release|Any CPU
		{152C761A-DD2E-4C1F-AF89-DFB2547A3BCA}.Release|x86.ActiveCfg = Release|Any CPU
		{75FD4163-333C-4DD5-854D-2EF294E45D94}.Debug|Any CPU.ActiveCfg = Debug|Any CPU
		{75FD4163-333C-4DD5-854D-2EF294E45D94}.Debug|Any CPU.Build.0 = Debug|Any CPU
		{75FD4163-333C-4DD5-854D-2EF294E45D94}.Debug|Mixed Platforms.ActiveCfg = Debug|Any CPU
		{75FD4163-333C-4DD5-854D-2EF294E45D94}.Debug|Mixed Platforms.Build.0 = Debug|Any CPU
		{75FD4163-333C-4DD5-854D-2EF294E45D94}.Debug|x86.ActiveCfg = Debug|Any CPU
		{75FD4163-333C-4DD5-854D-2EF294E45D94}.EFMigrations|Any CPU.ActiveCfg = EFMigrations|Any CPU
		{75FD4163-333C-4DD5-854D-2EF294E45D94}.EFMigrations|Any CPU.Build.0 = EFMigrations|Any CPU
		{75FD4163-333C-4DD5-854D-2EF294E45D94}.EFMigrations|Mixed Platforms.ActiveCfg = EFMigrations|Any CPU
		{75FD4163-333C-4DD5-854D-2EF294E45D94}.EFMigrations|Mixed Platforms.Build.0 = EFMigrations|Any CPU
		{75FD4163-333C-4DD5-854D-2EF294E45D94}.EFMigrations|x86.ActiveCfg = EFMigrations|Any CPU
		{75FD4163-333C-4DD5-854D-2EF294E45D94}.PluginDev|Any CPU.ActiveCfg = PluginDev|Any CPU
		{75FD4163-333C-4DD5-854D-2EF294E45D94}.PluginDev|Any CPU.Build.0 = PluginDev|Any CPU
		{75FD4163-333C-4DD5-854D-2EF294E45D94}.PluginDev|Mixed Platforms.ActiveCfg = PluginDev|Any CPU
		{75FD4163-333C-4DD5-854D-2EF294E45D94}.PluginDev|Mixed Platforms.Build.0 = PluginDev|Any CPU
		{75FD4163-333C-4DD5-854D-2EF294E45D94}.PluginDev|x86.ActiveCfg = PluginDev|Any CPU
		{75FD4163-333C-4DD5-854D-2EF294E45D94}.Release|Any CPU.ActiveCfg = Release|Any CPU
		{75FD4163-333C-4DD5-854D-2EF294E45D94}.Release|Any CPU.Build.0 = Release|Any CPU
		{75FD4163-333C-4DD5-854D-2EF294E45D94}.Release|Mixed Platforms.ActiveCfg = Release|Any CPU
		{75FD4163-333C-4DD5-854D-2EF294E45D94}.Release|Mixed Platforms.Build.0 = Release|Any CPU
		{75FD4163-333C-4DD5-854D-2EF294E45D94}.Release|x86.ActiveCfg = Release|Any CPU
		{692E9D31-1393-47BF-B372-63F671052F89}.Debug|Any CPU.ActiveCfg = Debug|Any CPU
		{692E9D31-1393-47BF-B372-63F671052F89}.Debug|Any CPU.Build.0 = Debug|Any CPU
		{692E9D31-1393-47BF-B372-63F671052F89}.Debug|Mixed Platforms.ActiveCfg = Debug|Any CPU
		{692E9D31-1393-47BF-B372-63F671052F89}.Debug|Mixed Platforms.Build.0 = Debug|Any CPU
		{692E9D31-1393-47BF-B372-63F671052F89}.Debug|x86.ActiveCfg = Debug|Any CPU
		{692E9D31-1393-47BF-B372-63F671052F89}.EFMigrations|Any CPU.ActiveCfg = EFMigrations|Any CPU
		{692E9D31-1393-47BF-B372-63F671052F89}.EFMigrations|Any CPU.Build.0 = EFMigrations|Any CPU
		{692E9D31-1393-47BF-B372-63F671052F89}.EFMigrations|Mixed Platforms.ActiveCfg = EFMigrations|Any CPU
		{692E9D31-1393-47BF-B372-63F671052F89}.EFMigrations|Mixed Platforms.Build.0 = EFMigrations|Any CPU
		{692E9D31-1393-47BF-B372-63F671052F89}.EFMigrations|x86.ActiveCfg = EFMigrations|Any CPU
		{692E9D31-1393-47BF-B372-63F671052F89}.PluginDev|Any CPU.ActiveCfg = PluginDev|Any CPU
		{692E9D31-1393-47BF-B372-63F671052F89}.PluginDev|Any CPU.Build.0 = PluginDev|Any CPU
		{692E9D31-1393-47BF-B372-63F671052F89}.PluginDev|Mixed Platforms.ActiveCfg = PluginDev|Any CPU
		{692E9D31-1393-47BF-B372-63F671052F89}.PluginDev|Mixed Platforms.Build.0 = PluginDev|Any CPU
		{692E9D31-1393-47BF-B372-63F671052F89}.PluginDev|x86.ActiveCfg = PluginDev|Any CPU
		{692E9D31-1393-47BF-B372-63F671052F89}.Release|Any CPU.ActiveCfg = Release|Any CPU
		{692E9D31-1393-47BF-B372-63F671052F89}.Release|Any CPU.Build.0 = Release|Any CPU
		{692E9D31-1393-47BF-B372-63F671052F89}.Release|Mixed Platforms.ActiveCfg = Release|Any CPU
		{692E9D31-1393-47BF-B372-63F671052F89}.Release|Mixed Platforms.Build.0 = Release|Any CPU
		{692E9D31-1393-47BF-B372-63F671052F89}.Release|x86.ActiveCfg = Release|Any CPU
		{94D1BEEB-64A3-4EB6-9017-D66AFAF4F2B2}.Debug|Any CPU.ActiveCfg = Debug|Any CPU
		{94D1BEEB-64A3-4EB6-9017-D66AFAF4F2B2}.Debug|Any CPU.Build.0 = Debug|Any CPU
		{94D1BEEB-64A3-4EB6-9017-D66AFAF4F2B2}.Debug|Mixed Platforms.ActiveCfg = Debug|Any CPU
		{94D1BEEB-64A3-4EB6-9017-D66AFAF4F2B2}.Debug|Mixed Platforms.Build.0 = Debug|Any CPU
		{94D1BEEB-64A3-4EB6-9017-D66AFAF4F2B2}.Debug|x86.ActiveCfg = Debug|Any CPU
		{94D1BEEB-64A3-4EB6-9017-D66AFAF4F2B2}.EFMigrations|Any CPU.ActiveCfg = EFMigrations|Any CPU
		{94D1BEEB-64A3-4EB6-9017-D66AFAF4F2B2}.EFMigrations|Any CPU.Build.0 = EFMigrations|Any CPU
		{94D1BEEB-64A3-4EB6-9017-D66AFAF4F2B2}.EFMigrations|Mixed Platforms.ActiveCfg = EFMigrations|Any CPU
		{94D1BEEB-64A3-4EB6-9017-D66AFAF4F2B2}.EFMigrations|Mixed Platforms.Build.0 = EFMigrations|Any CPU
		{94D1BEEB-64A3-4EB6-9017-D66AFAF4F2B2}.EFMigrations|x86.ActiveCfg = EFMigrations|Any CPU
		{94D1BEEB-64A3-4EB6-9017-D66AFAF4F2B2}.PluginDev|Any CPU.ActiveCfg = PluginDev|Any CPU
		{94D1BEEB-64A3-4EB6-9017-D66AFAF4F2B2}.PluginDev|Any CPU.Build.0 = PluginDev|Any CPU
		{94D1BEEB-64A3-4EB6-9017-D66AFAF4F2B2}.PluginDev|Mixed Platforms.ActiveCfg = PluginDev|Any CPU
		{94D1BEEB-64A3-4EB6-9017-D66AFAF4F2B2}.PluginDev|Mixed Platforms.Build.0 = PluginDev|Any CPU
		{94D1BEEB-64A3-4EB6-9017-D66AFAF4F2B2}.PluginDev|x86.ActiveCfg = PluginDev|Any CPU
		{94D1BEEB-64A3-4EB6-9017-D66AFAF4F2B2}.Release|Any CPU.ActiveCfg = Release|Any CPU
		{94D1BEEB-64A3-4EB6-9017-D66AFAF4F2B2}.Release|Any CPU.Build.0 = Release|Any CPU
		{94D1BEEB-64A3-4EB6-9017-D66AFAF4F2B2}.Release|Mixed Platforms.ActiveCfg = Release|Any CPU
		{94D1BEEB-64A3-4EB6-9017-D66AFAF4F2B2}.Release|Mixed Platforms.Build.0 = Release|Any CPU
		{94D1BEEB-64A3-4EB6-9017-D66AFAF4F2B2}.Release|x86.ActiveCfg = Release|Any CPU
		{ACC1E122-B2C8-4441-BDED-D4A77763331A}.Debug|Any CPU.ActiveCfg = Debug|Any CPU
		{ACC1E122-B2C8-4441-BDED-D4A77763331A}.Debug|Any CPU.Build.0 = Debug|Any CPU
		{ACC1E122-B2C8-4441-BDED-D4A77763331A}.Debug|Mixed Platforms.ActiveCfg = Debug|Any CPU
		{ACC1E122-B2C8-4441-BDED-D4A77763331A}.Debug|Mixed Platforms.Build.0 = Debug|Any CPU
		{ACC1E122-B2C8-4441-BDED-D4A77763331A}.Debug|x86.ActiveCfg = Debug|Any CPU
		{ACC1E122-B2C8-4441-BDED-D4A77763331A}.EFMigrations|Any CPU.ActiveCfg = EFMigrations|Any CPU
		{ACC1E122-B2C8-4441-BDED-D4A77763331A}.EFMigrations|Any CPU.Build.0 = EFMigrations|Any CPU
		{ACC1E122-B2C8-4441-BDED-D4A77763331A}.EFMigrations|Mixed Platforms.ActiveCfg = EFMigrations|Any CPU
		{ACC1E122-B2C8-4441-BDED-D4A77763331A}.EFMigrations|Mixed Platforms.Build.0 = EFMigrations|Any CPU
		{ACC1E122-B2C8-4441-BDED-D4A77763331A}.EFMigrations|x86.ActiveCfg = EFMigrations|Any CPU
		{ACC1E122-B2C8-4441-BDED-D4A77763331A}.PluginDev|Any CPU.ActiveCfg = PluginDev|Any CPU
		{ACC1E122-B2C8-4441-BDED-D4A77763331A}.PluginDev|Any CPU.Build.0 = PluginDev|Any CPU
		{ACC1E122-B2C8-4441-BDED-D4A77763331A}.PluginDev|Mixed Platforms.ActiveCfg = PluginDev|Any CPU
		{ACC1E122-B2C8-4441-BDED-D4A77763331A}.PluginDev|Mixed Platforms.Build.0 = PluginDev|Any CPU
		{ACC1E122-B2C8-4441-BDED-D4A77763331A}.PluginDev|x86.ActiveCfg = PluginDev|Any CPU
		{ACC1E122-B2C8-4441-BDED-D4A77763331A}.Release|Any CPU.ActiveCfg = Release|Any CPU
		{ACC1E122-B2C8-4441-BDED-D4A77763331A}.Release|Any CPU.Build.0 = Release|Any CPU
		{ACC1E122-B2C8-4441-BDED-D4A77763331A}.Release|Mixed Platforms.ActiveCfg = Release|Any CPU
		{ACC1E122-B2C8-4441-BDED-D4A77763331A}.Release|Mixed Platforms.Build.0 = Release|Any CPU
		{ACC1E122-B2C8-4441-BDED-D4A77763331A}.Release|x86.ActiveCfg = Release|Any CPU
		{542B9C12-E2A1-49BB-9134-0E3484F9D669}.Debug|Any CPU.ActiveCfg = Debug|Any CPU
		{542B9C12-E2A1-49BB-9134-0E3484F9D669}.Debug|Any CPU.Build.0 = Debug|Any CPU
		{542B9C12-E2A1-49BB-9134-0E3484F9D669}.Debug|Mixed Platforms.ActiveCfg = Debug|Any CPU
		{542B9C12-E2A1-49BB-9134-0E3484F9D669}.Debug|Mixed Platforms.Build.0 = Debug|Any CPU
		{542B9C12-E2A1-49BB-9134-0E3484F9D669}.Debug|x86.ActiveCfg = Debug|Any CPU
		{542B9C12-E2A1-49BB-9134-0E3484F9D669}.EFMigrations|Any CPU.ActiveCfg = EFMigrations|Any CPU
		{542B9C12-E2A1-49BB-9134-0E3484F9D669}.EFMigrations|Any CPU.Build.0 = EFMigrations|Any CPU
		{542B9C12-E2A1-49BB-9134-0E3484F9D669}.EFMigrations|Mixed Platforms.ActiveCfg = EFMigrations|Any CPU
		{542B9C12-E2A1-49BB-9134-0E3484F9D669}.EFMigrations|Mixed Platforms.Build.0 = EFMigrations|Any CPU
		{542B9C12-E2A1-49BB-9134-0E3484F9D669}.EFMigrations|x86.ActiveCfg = EFMigrations|Any CPU
		{542B9C12-E2A1-49BB-9134-0E3484F9D669}.PluginDev|Any CPU.ActiveCfg = PluginDev|Any CPU
		{542B9C12-E2A1-49BB-9134-0E3484F9D669}.PluginDev|Any CPU.Build.0 = PluginDev|Any CPU
		{542B9C12-E2A1-49BB-9134-0E3484F9D669}.PluginDev|Mixed Platforms.ActiveCfg = PluginDev|Any CPU
		{542B9C12-E2A1-49BB-9134-0E3484F9D669}.PluginDev|Mixed Platforms.Build.0 = PluginDev|Any CPU
		{542B9C12-E2A1-49BB-9134-0E3484F9D669}.PluginDev|x86.ActiveCfg = PluginDev|Any CPU
		{542B9C12-E2A1-49BB-9134-0E3484F9D669}.Release|Any CPU.ActiveCfg = Release|Any CPU
		{542B9C12-E2A1-49BB-9134-0E3484F9D669}.Release|Any CPU.Build.0 = Release|Any CPU
		{542B9C12-E2A1-49BB-9134-0E3484F9D669}.Release|Mixed Platforms.ActiveCfg = Release|Any CPU
		{542B9C12-E2A1-49BB-9134-0E3484F9D669}.Release|Mixed Platforms.Build.0 = Release|Any CPU
		{542B9C12-E2A1-49BB-9134-0E3484F9D669}.Release|x86.ActiveCfg = Release|Any CPU
	EndGlobalSection
	GlobalSection(SolutionProperties) = preSolution
		HideSolutionNode = FALSE
	EndGlobalSection
	GlobalSection(NestedProjects) = preSolution
		{692E9D31-1393-47BF-B372-63F671052F89} = {7881B112-7843-4542-B1F7-F99553FB9BB7}
		{94D1BEEB-64A3-4EB6-9017-D66AFAF4F2B2} = {7881B112-7843-4542-B1F7-F99553FB9BB7}
		{ACC1E122-B2C8-4441-BDED-D4A77763331A} = {7881B112-7843-4542-B1F7-F99553FB9BB7}
		{542B9C12-E2A1-49BB-9134-0E3484F9D669} = {7881B112-7843-4542-B1F7-F99553FB9BB7}
	EndGlobalSection
	GlobalSection(NDepend) = preSolution
		Project = ".\SmartStoreNET.ndproj"
	EndGlobalSection
EndGlobal
