
Microsoft Visual Studio Solution File, Format Version 12.00
# Visual Studio Version 16
VisualStudioVersion = 16.0.29728.190
MinimumVisualStudioVersion = 10.0.40219.1
Project("{2150E333-8FDC-42A3-9474-1A3956D46DE8}") = "Tests", "Tests", "{A340B280-C12B-47E7-90B7-89C650F8AAFC}"
EndProject
Project("{2150E333-8FDC-42A3-9474-1A3956D46DE8}") = "Plugins", "Plugins", "{7881B112-7843-4542-B1F7-F99553FB9BB7}"
EndProject
Project("{FAE04EC0-301F-11D3-BF4B-00C04F79EFBC}") = "SmartStore.Services", "Libraries\SmartStore.Services\SmartStore.Services.csproj", "{210541AD-F659-47DA-8763-16F36C5CD2F4}"
EndProject
Project("{FAE04EC0-301F-11D3-BF4B-00C04F79EFBC}") = "SmartStore.Core.Tests", "Tests\SmartStore.Core.Tests\SmartStore.Core.Tests.csproj", "{7A9BDC6A-F880-43D5-9B2A-59C1674CE449}"
EndProject
Project("{FAE04EC0-301F-11D3-BF4B-00C04F79EFBC}") = "SmartStore.Data.Tests", "Tests\SmartStore.Data.Tests\SmartStore.Data.Tests.csproj", "{0D303E2D-0367-4F66-AC03-F1658FBBB24D}"
EndProject
Project("{FAE04EC0-301F-11D3-BF4B-00C04F79EFBC}") = "SmartStore.Services.Tests", "Tests\SmartStore.Services.Tests\SmartStore.Services.Tests.csproj", "{5DCBE5B1-1A02-48E7-9853-5FCEF2A36805}"
EndProject
Project("{FAE04EC0-301F-11D3-BF4B-00C04F79EFBC}") = "SmartStore.Tests", "Tests\SmartStore.Tests\SmartStore.Tests.csproj", "{1D9EB579-3630-468A-BE94-49E7DF4F6E1D}"
EndProject
Project("{FAE04EC0-301F-11D3-BF4B-00C04F79EFBC}") = "SmartStore.Web.MVC.Tests", "Tests\SmartStore.Web.MVC.Tests\SmartStore.Web.MVC.Tests.csproj", "{57718244-1B22-4637-9DBF-F5D8E460FC95}"
EndProject
Project("{FAE04EC0-301F-11D3-BF4B-00C04F79EFBC}") = "SmartStore.Data", "Libraries\SmartStore.Data\SmartStore.Data.csproj", "{CCD7F2C9-6A2C-4CF0-8E89-076B8FC0F144}"
EndProject
Project("{FAE04EC0-301F-11D3-BF4B-00C04F79EFBC}") = "SmartStore.Core", "Libraries\SmartStore.Core\SmartStore.Core.csproj", "{6BDA8332-939F-45B7-A25E-7A797260AE59}"
EndProject
Project("{FAE04EC0-301F-11D3-BF4B-00C04F79EFBC}") = "SmartStore.Web", "Presentation\SmartStore.Web\SmartStore.Web.csproj", "{4F1F649C-1020-45BE-A487-F416D9297FF3}"
EndProject
Project("{FAE04EC0-301F-11D3-BF4B-00C04F79EFBC}") = "SmartStore.Admin", "Presentation\SmartStore.Web\Administration\SmartStore.Admin.csproj", "{152C761A-DD2E-4C1F-AF89-DFB2547A3BCA}"
EndProject
Project("{FAE04EC0-301F-11D3-BF4B-00C04F79EFBC}") = "SmartStore.Web.Framework", "Presentation\SmartStore.Web.Framework\SmartStore.Web.Framework.csproj", "{75FD4163-333C-4DD5-854D-2EF294E45D94}"
EndProject
Project("{2150E333-8FDC-42A3-9474-1A3956D46DE8}") = "Solution Items", "Solution Items", "{E11A41CA-FA9F-4BB7-A35E-F80EE1084232}"
	ProjectSection(SolutionItems) = preProject
		AssemblySharedInfo.cs = AssemblySharedInfo.cs
		AssemblyVersionInfo.cs = AssemblyVersionInfo.cs
	EndProjectSection
EndProject
Project("{2150E333-8FDC-42A3-9474-1A3956D46DE8}") = ".nuget", ".nuget", "{C0A5A9AE-1509-4795-82CD-0BE7D6A17C69}"
	ProjectSection(SolutionItems) = preProject
		.nuget\NuGet.Config = .nuget\NuGet.Config
		.nuget\NuGet.exe = .nuget\NuGet.exe
		.nuget\NuGet.targets = .nuget\NuGet.targets
	EndProjectSection
EndProject
Project("{2150E333-8FDC-42A3-9474-1A3956D46DE8}") = "Tools", "Tools", "{DB17E553-DCB5-4851-A5AB-542C09CAC7CA}"
EndProject
Project("{FAE04EC0-301F-11D3-BF4B-00C04F79EFBC}") = "SmartStore.Packager", "Tools\SmartStore.Packager\SmartStore.Packager.csproj", "{DCC07617-E6EB-4F3C-AAFF-B15CA2B6E07F}"
EndProject
Project("{FAE04EC0-301F-11D3-BF4B-00C04F79EFBC}") = "SmartStore.WebApi.Client", "Tools\SmartStore.WebApi.Client\SmartStore.WebApi.Client.csproj", "{CD28D50C-38C3-4371-80B3-71FE7853D61D}"
EndProject
Project("{FAE04EC0-301F-11D3-BF4B-00C04F79EFBC}") = "SmartStore.GoogleMerchantCenter", "Plugins\SmartStore.GoogleMerchantCenter\SmartStore.GoogleMerchantCenter.csproj", "{965A02F0-FC84-4AC4-91E4-79EADFC1CA9D}"
EndProject
Project("{FAE04EC0-301F-11D3-BF4B-00C04F79EFBC}") = "SmartStore.FacebookAuth", "Plugins\SmartStore.FacebookAuth\SmartStore.FacebookAuth.csproj", "{446FED73-BCA1-4D8F-BC13-EA1507C7EF29}"
EndProject
Project("{FAE04EC0-301F-11D3-BF4B-00C04F79EFBC}") = "SmartStore.Clickatell", "Plugins\SmartStore.Clickatell\SmartStore.Clickatell.csproj", "{E3362B5B-DA5A-4515-BCB0-0DF982F80E89}"
EndProject
Project("{FAE04EC0-301F-11D3-BF4B-00C04F79EFBC}") = "SmartStore.GoogleAnalytics", "Plugins\SmartStore.GoogleAnalytics\SmartStore.GoogleAnalytics.csproj", "{C2B83AF5-80F6-4B8C-8628-FA7DE10C3BB5}"
EndProject
Project("{FAE04EC0-301F-11D3-BF4B-00C04F79EFBC}") = "SmartStore.PayPal", "Plugins\SmartStore.PayPal\SmartStore.PayPal.csproj", "{BD1D993C-50E7-40DF-83BB-45455F9CE402}"
EndProject
Project("{FAE04EC0-301F-11D3-BF4B-00C04F79EFBC}") = "SmartStore.OfflinePayment", "Plugins\SmartStore.OfflinePayment\SmartStore.OfflinePayment.csproj", "{692E9D31-1393-47BF-B372-63F671052F89}"
EndProject
Project("{FAE04EC0-301F-11D3-BF4B-00C04F79EFBC}") = "SmartStore.ShippingByWeight", "Plugins\SmartStore.ShippingByWeight\SmartStore.ShippingByWeight.csproj", "{0793FB50-67BB-461E-B961-2F45887464CF}"
EndProject
Project("{FAE04EC0-301F-11D3-BF4B-00C04F79EFBC}") = "SmartStore.Tax", "Plugins\SmartStore.Tax\SmartStore.Tax.csproj", "{94D1BEEB-64A3-4EB6-9017-D66AFAF4F2B2}"
EndProject
Project("{FAE04EC0-301F-11D3-BF4B-00C04F79EFBC}") = "SmartStore.Shipping", "Plugins\SmartStore.Shipping\SmartStore.Shipping.csproj", "{ACC1E122-B2C8-4441-BDED-D4A77763331A}"
EndProject
Project("{FAE04EC0-301F-11D3-BF4B-00C04F79EFBC}") = "SmartStore.AmazonPay", "Plugins\SmartStore.AmazonPay\SmartStore.AmazonPay.csproj", "{611E4AC2-CA21-5C81-6B4B-3ABA87B91A25}"
EndProject
Project("{FAE04EC0-301F-11D3-BF4B-00C04F79EFBC}") = "SmartStore.DevTools", "Plugins\SmartStore.DevTools\SmartStore.DevTools.csproj", "{542B9C12-E2A1-49BB-9134-0E3484F9D669}"
EndProject
Project("{FAE04EC0-301F-11D3-BF4B-00C04F79EFBC}") = "SmartStore.WebApi", "Plugins\SmartStore.WebApi\SmartStore.WebApi.csproj", "{BDA52691-29E8-4195-965F-2AEB95A25F6B}"
EndProject
Global
	GlobalSection(SolutionConfigurationPlatforms) = preSolution
		Debug|Any CPU = Debug|Any CPU
		Debug|Mixed Platforms = Debug|Mixed Platforms
		Debug|x86 = Debug|x86
		EFMigrations|Any CPU = EFMigrations|Any CPU
		EFMigrations|Mixed Platforms = EFMigrations|Mixed Platforms
		EFMigrations|x86 = EFMigrations|x86
		PluginDev|Any CPU = PluginDev|Any CPU
		PluginDev|Mixed Platforms = PluginDev|Mixed Platforms
		PluginDev|x86 = PluginDev|x86
		Release|Any CPU = Release|Any CPU
		Release|Mixed Platforms = Release|Mixed Platforms
		Release|x86 = Release|x86
	EndGlobalSection
	GlobalSection(ProjectConfigurationPlatforms) = postSolution
		{210541AD-F659-47DA-8763-16F36C5CD2F4}.Debug|Any CPU.ActiveCfg = Debug|Any CPU
		{210541AD-F659-47DA-8763-16F36C5CD2F4}.Debug|Any CPU.Build.0 = Debug|Any CPU
		{210541AD-F659-47DA-8763-16F36C5CD2F4}.Debug|Mixed Platforms.ActiveCfg = Debug|Any CPU
		{210541AD-F659-47DA-8763-16F36C5CD2F4}.Debug|Mixed Platforms.Build.0 = Debug|Any CPU
		{210541AD-F659-47DA-8763-16F36C5CD2F4}.Debug|x86.ActiveCfg = Debug|Any CPU
		{210541AD-F659-47DA-8763-16F36C5CD2F4}.EFMigrations|Any CPU.ActiveCfg = EFMigrations|Any CPU
		{210541AD-F659-47DA-8763-16F36C5CD2F4}.EFMigrations|Any CPU.Build.0 = EFMigrations|Any CPU
		{210541AD-F659-47DA-8763-16F36C5CD2F4}.EFMigrations|Mixed Platforms.ActiveCfg = EFMigrations|Any CPU
		{210541AD-F659-47DA-8763-16F36C5CD2F4}.EFMigrations|Mixed Platforms.Build.0 = EFMigrations|Any CPU
		{210541AD-F659-47DA-8763-16F36C5CD2F4}.EFMigrations|x86.ActiveCfg = EFMigrations|Any CPU
		{210541AD-F659-47DA-8763-16F36C5CD2F4}.PluginDev|Any CPU.ActiveCfg = PluginDev|Any CPU
		{210541AD-F659-47DA-8763-16F36C5CD2F4}.PluginDev|Any CPU.Build.0 = PluginDev|Any CPU
		{210541AD-F659-47DA-8763-16F36C5CD2F4}.PluginDev|Mixed Platforms.ActiveCfg = PluginDev|Any CPU
		{210541AD-F659-47DA-8763-16F36C5CD2F4}.PluginDev|Mixed Platforms.Build.0 = PluginDev|Any CPU
		{210541AD-F659-47DA-8763-16F36C5CD2F4}.PluginDev|x86.ActiveCfg = PluginDev|Any CPU
		{210541AD-F659-47DA-8763-16F36C5CD2F4}.Release|Any CPU.ActiveCfg = Release|Any CPU
		{210541AD-F659-47DA-8763-16F36C5CD2F4}.Release|Any CPU.Build.0 = Release|Any CPU
		{210541AD-F659-47DA-8763-16F36C5CD2F4}.Release|Mixed Platforms.ActiveCfg = Release|Any CPU
		{210541AD-F659-47DA-8763-16F36C5CD2F4}.Release|Mixed Platforms.Build.0 = Release|Any CPU
		{210541AD-F659-47DA-8763-16F36C5CD2F4}.Release|x86.ActiveCfg = Release|Any CPU
		{7A9BDC6A-F880-43D5-9B2A-59C1674CE449}.Debug|Any CPU.ActiveCfg = Debug|Any CPU
		{7A9BDC6A-F880-43D5-9B2A-59C1674CE449}.Debug|Any CPU.Build.0 = Debug|Any CPU
		{7A9BDC6A-F880-43D5-9B2A-59C1674CE449}.Debug|Mixed Platforms.ActiveCfg = Debug|Any CPU
		{7A9BDC6A-F880-43D5-9B2A-59C1674CE449}.Debug|Mixed Platforms.Build.0 = Debug|Any CPU
		{7A9BDC6A-F880-43D5-9B2A-59C1674CE449}.Debug|x86.ActiveCfg = Debug|Any CPU
		{7A9BDC6A-F880-43D5-9B2A-59C1674CE449}.EFMigrations|Any CPU.ActiveCfg = EFMigrations|Any CPU
		{7A9BDC6A-F880-43D5-9B2A-59C1674CE449}.EFMigrations|Any CPU.Build.0 = EFMigrations|Any CPU
		{7A9BDC6A-F880-43D5-9B2A-59C1674CE449}.EFMigrations|Mixed Platforms.ActiveCfg = EFMigrations|Any CPU
		{7A9BDC6A-F880-43D5-9B2A-59C1674CE449}.EFMigrations|Mixed Platforms.Build.0 = EFMigrations|Any CPU
		{7A9BDC6A-F880-43D5-9B2A-59C1674CE449}.EFMigrations|x86.ActiveCfg = EFMigrations|Any CPU
		{7A9BDC6A-F880-43D5-9B2A-59C1674CE449}.PluginDev|Any CPU.ActiveCfg = PluginDev|Any CPU
		{7A9BDC6A-F880-43D5-9B2A-59C1674CE449}.PluginDev|Any CPU.Build.0 = PluginDev|Any CPU
		{7A9BDC6A-F880-43D5-9B2A-59C1674CE449}.PluginDev|Mixed Platforms.ActiveCfg = PluginDev|Any CPU
		{7A9BDC6A-F880-43D5-9B2A-59C1674CE449}.PluginDev|Mixed Platforms.Build.0 = PluginDev|Any CPU
		{7A9BDC6A-F880-43D5-9B2A-59C1674CE449}.PluginDev|x86.ActiveCfg = PluginDev|Any CPU
		{7A9BDC6A-F880-43D5-9B2A-59C1674CE449}.Release|Any CPU.ActiveCfg = Release|Any CPU
		{7A9BDC6A-F880-43D5-9B2A-59C1674CE449}.Release|Any CPU.Build.0 = Release|Any CPU
		{7A9BDC6A-F880-43D5-9B2A-59C1674CE449}.Release|Mixed Platforms.ActiveCfg = Release|Any CPU
		{7A9BDC6A-F880-43D5-9B2A-59C1674CE449}.Release|Mixed Platforms.Build.0 = Release|Any CPU
		{7A9BDC6A-F880-43D5-9B2A-59C1674CE449}.Release|x86.ActiveCfg = Release|Any CPU
		{0D303E2D-0367-4F66-AC03-F1658FBBB24D}.Debug|Any CPU.ActiveCfg = Debug|Any CPU
		{0D303E2D-0367-4F66-AC03-F1658FBBB24D}.Debug|Any CPU.Build.0 = Debug|Any CPU
		{0D303E2D-0367-4F66-AC03-F1658FBBB24D}.Debug|Mixed Platforms.ActiveCfg = Debug|Any CPU
		{0D303E2D-0367-4F66-AC03-F1658FBBB24D}.Debug|Mixed Platforms.Build.0 = Debug|Any CPU
		{0D303E2D-0367-4F66-AC03-F1658FBBB24D}.Debug|x86.ActiveCfg = Debug|Any CPU
		{0D303E2D-0367-4F66-AC03-F1658FBBB24D}.EFMigrations|Any CPU.ActiveCfg = EFMigrations|Any CPU
		{0D303E2D-0367-4F66-AC03-F1658FBBB24D}.EFMigrations|Any CPU.Build.0 = EFMigrations|Any CPU
		{0D303E2D-0367-4F66-AC03-F1658FBBB24D}.EFMigrations|Mixed Platforms.ActiveCfg = EFMigrations|Any CPU
		{0D303E2D-0367-4F66-AC03-F1658FBBB24D}.EFMigrations|Mixed Platforms.Build.0 = EFMigrations|Any CPU
		{0D303E2D-0367-4F66-AC03-F1658FBBB24D}.EFMigrations|x86.ActiveCfg = EFMigrations|Any CPU
		{0D303E2D-0367-4F66-AC03-F1658FBBB24D}.PluginDev|Any CPU.ActiveCfg = PluginDev|Any CPU
		{0D303E2D-0367-4F66-AC03-F1658FBBB24D}.PluginDev|Any CPU.Build.0 = PluginDev|Any CPU
		{0D303E2D-0367-4F66-AC03-F1658FBBB24D}.PluginDev|Mixed Platforms.ActiveCfg = PluginDev|Any CPU
		{0D303E2D-0367-4F66-AC03-F1658FBBB24D}.PluginDev|Mixed Platforms.Build.0 = PluginDev|Any CPU
		{0D303E2D-0367-4F66-AC03-F1658FBBB24D}.PluginDev|x86.ActiveCfg = PluginDev|Any CPU
		{0D303E2D-0367-4F66-AC03-F1658FBBB24D}.Release|Any CPU.ActiveCfg = Release|Any CPU
		{0D303E2D-0367-4F66-AC03-F1658FBBB24D}.Release|Any CPU.Build.0 = Release|Any CPU
		{0D303E2D-0367-4F66-AC03-F1658FBBB24D}.Release|Mixed Platforms.ActiveCfg = Release|Any CPU
		{0D303E2D-0367-4F66-AC03-F1658FBBB24D}.Release|Mixed Platforms.Build.0 = Release|Any CPU
		{0D303E2D-0367-4F66-AC03-F1658FBBB24D}.Release|x86.ActiveCfg = Release|Any CPU
		{5DCBE5B1-1A02-48E7-9853-5FCEF2A36805}.Debug|Any CPU.ActiveCfg = Debug|Any CPU
		{5DCBE5B1-1A02-48E7-9853-5FCEF2A36805}.Debug|Any CPU.Build.0 = Debug|Any CPU
		{5DCBE5B1-1A02-48E7-9853-5FCEF2A36805}.Debug|Mixed Platforms.ActiveCfg = Debug|Any CPU
		{5DCBE5B1-1A02-48E7-9853-5FCEF2A36805}.Debug|Mixed Platforms.Build.0 = Debug|Any CPU
		{5DCBE5B1-1A02-48E7-9853-5FCEF2A36805}.Debug|x86.ActiveCfg = Debug|Any CPU
		{5DCBE5B1-1A02-48E7-9853-5FCEF2A36805}.EFMigrations|Any CPU.ActiveCfg = EFMigrations|Any CPU
		{5DCBE5B1-1A02-48E7-9853-5FCEF2A36805}.EFMigrations|Any CPU.Build.0 = EFMigrations|Any CPU
		{5DCBE5B1-1A02-48E7-9853-5FCEF2A36805}.EFMigrations|Mixed Platforms.ActiveCfg = EFMigrations|Any CPU
		{5DCBE5B1-1A02-48E7-9853-5FCEF2A36805}.EFMigrations|Mixed Platforms.Build.0 = EFMigrations|Any CPU
		{5DCBE5B1-1A02-48E7-9853-5FCEF2A36805}.EFMigrations|x86.ActiveCfg = EFMigrations|Any CPU
		{5DCBE5B1-1A02-48E7-9853-5FCEF2A36805}.PluginDev|Any CPU.ActiveCfg = PluginDev|Any CPU
		{5DCBE5B1-1A02-48E7-9853-5FCEF2A36805}.PluginDev|Any CPU.Build.0 = PluginDev|Any CPU
		{5DCBE5B1-1A02-48E7-9853-5FCEF2A36805}.PluginDev|Mixed Platforms.ActiveCfg = PluginDev|Any CPU
		{5DCBE5B1-1A02-48E7-9853-5FCEF2A36805}.PluginDev|Mixed Platforms.Build.0 = PluginDev|Any CPU
		{5DCBE5B1-1A02-48E7-9853-5FCEF2A36805}.PluginDev|x86.ActiveCfg = PluginDev|Any CPU
		{5DCBE5B1-1A02-48E7-9853-5FCEF2A36805}.Release|Any CPU.ActiveCfg = Release|Any CPU
		{5DCBE5B1-1A02-48E7-9853-5FCEF2A36805}.Release|Any CPU.Build.0 = Release|Any CPU
		{5DCBE5B1-1A02-48E7-9853-5FCEF2A36805}.Release|Mixed Platforms.ActiveCfg = Release|Any CPU
		{5DCBE5B1-1A02-48E7-9853-5FCEF2A36805}.Release|Mixed Platforms.Build.0 = Release|Any CPU
		{5DCBE5B1-1A02-48E7-9853-5FCEF2A36805}.Release|x86.ActiveCfg = Release|Any CPU
		{1D9EB579-3630-468A-BE94-49E7DF4F6E1D}.Debug|Any CPU.ActiveCfg = Debug|Any CPU
		{1D9EB579-3630-468A-BE94-49E7DF4F6E1D}.Debug|Any CPU.Build.0 = Debug|Any CPU
		{1D9EB579-3630-468A-BE94-49E7DF4F6E1D}.Debug|Mixed Platforms.ActiveCfg = Debug|Any CPU
		{1D9EB579-3630-468A-BE94-49E7DF4F6E1D}.Debug|Mixed Platforms.Build.0 = Debug|Any CPU
		{1D9EB579-3630-468A-BE94-49E7DF4F6E1D}.Debug|x86.ActiveCfg = Debug|Any CPU
		{1D9EB579-3630-468A-BE94-49E7DF4F6E1D}.EFMigrations|Any CPU.ActiveCfg = EFMigrations|Any CPU
		{1D9EB579-3630-468A-BE94-49E7DF4F6E1D}.EFMigrations|Any CPU.Build.0 = EFMigrations|Any CPU
		{1D9EB579-3630-468A-BE94-49E7DF4F6E1D}.EFMigrations|Mixed Platforms.ActiveCfg = EFMigrations|Any CPU
		{1D9EB579-3630-468A-BE94-49E7DF4F6E1D}.EFMigrations|Mixed Platforms.Build.0 = EFMigrations|Any CPU
		{1D9EB579-3630-468A-BE94-49E7DF4F6E1D}.EFMigrations|x86.ActiveCfg = EFMigrations|Any CPU
		{1D9EB579-3630-468A-BE94-49E7DF4F6E1D}.PluginDev|Any CPU.ActiveCfg = PluginDev|Any CPU
		{1D9EB579-3630-468A-BE94-49E7DF4F6E1D}.PluginDev|Any CPU.Build.0 = PluginDev|Any CPU
		{1D9EB579-3630-468A-BE94-49E7DF4F6E1D}.PluginDev|Mixed Platforms.ActiveCfg = PluginDev|Any CPU
		{1D9EB579-3630-468A-BE94-49E7DF4F6E1D}.PluginDev|Mixed Platforms.Build.0 = PluginDev|Any CPU
		{1D9EB579-3630-468A-BE94-49E7DF4F6E1D}.PluginDev|x86.ActiveCfg = PluginDev|Any CPU
		{1D9EB579-3630-468A-BE94-49E7DF4F6E1D}.Release|Any CPU.ActiveCfg = Release|Any CPU
		{1D9EB579-3630-468A-BE94-49E7DF4F6E1D}.Release|Any CPU.Build.0 = Release|Any CPU
		{1D9EB579-3630-468A-BE94-49E7DF4F6E1D}.Release|Mixed Platforms.ActiveCfg = Release|Any CPU
		{1D9EB579-3630-468A-BE94-49E7DF4F6E1D}.Release|Mixed Platforms.Build.0 = Release|Any CPU
		{1D9EB579-3630-468A-BE94-49E7DF4F6E1D}.Release|x86.ActiveCfg = Release|Any CPU
		{57718244-1B22-4637-9DBF-F5D8E460FC95}.Debug|Any CPU.ActiveCfg = Debug|Any CPU
		{57718244-1B22-4637-9DBF-F5D8E460FC95}.Debug|Any CPU.Build.0 = Debug|Any CPU
		{57718244-1B22-4637-9DBF-F5D8E460FC95}.Debug|Mixed Platforms.ActiveCfg = Debug|Any CPU
		{57718244-1B22-4637-9DBF-F5D8E460FC95}.Debug|Mixed Platforms.Build.0 = Debug|Any CPU
		{57718244-1B22-4637-9DBF-F5D8E460FC95}.Debug|x86.ActiveCfg = Debug|Any CPU
		{57718244-1B22-4637-9DBF-F5D8E460FC95}.EFMigrations|Any CPU.ActiveCfg = EFMigrations|Any CPU
		{57718244-1B22-4637-9DBF-F5D8E460FC95}.EFMigrations|Any CPU.Build.0 = EFMigrations|Any CPU
		{57718244-1B22-4637-9DBF-F5D8E460FC95}.EFMigrations|Mixed Platforms.ActiveCfg = EFMigrations|Any CPU
		{57718244-1B22-4637-9DBF-F5D8E460FC95}.EFMigrations|Mixed Platforms.Build.0 = EFMigrations|Any CPU
		{57718244-1B22-4637-9DBF-F5D8E460FC95}.EFMigrations|x86.ActiveCfg = EFMigrations|Any CPU
		{57718244-1B22-4637-9DBF-F5D8E460FC95}.PluginDev|Any CPU.ActiveCfg = PluginDev|Any CPU
		{57718244-1B22-4637-9DBF-F5D8E460FC95}.PluginDev|Any CPU.Build.0 = PluginDev|Any CPU
		{57718244-1B22-4637-9DBF-F5D8E460FC95}.PluginDev|Mixed Platforms.ActiveCfg = PluginDev|Any CPU
		{57718244-1B22-4637-9DBF-F5D8E460FC95}.PluginDev|Mixed Platforms.Build.0 = PluginDev|Any CPU
		{57718244-1B22-4637-9DBF-F5D8E460FC95}.PluginDev|x86.ActiveCfg = PluginDev|Any CPU
		{57718244-1B22-4637-9DBF-F5D8E460FC95}.Release|Any CPU.ActiveCfg = Release|Any CPU
		{57718244-1B22-4637-9DBF-F5D8E460FC95}.Release|Any CPU.Build.0 = Release|Any CPU
		{57718244-1B22-4637-9DBF-F5D8E460FC95}.Release|Mixed Platforms.ActiveCfg = Release|Any CPU
		{57718244-1B22-4637-9DBF-F5D8E460FC95}.Release|Mixed Platforms.Build.0 = Release|Any CPU
		{57718244-1B22-4637-9DBF-F5D8E460FC95}.Release|x86.ActiveCfg = Release|Any CPU
		{CCD7F2C9-6A2C-4CF0-8E89-076B8FC0F144}.Debug|Any CPU.ActiveCfg = Debug|Any CPU
		{CCD7F2C9-6A2C-4CF0-8E89-076B8FC0F144}.Debug|Any CPU.Build.0 = Debug|Any CPU
		{CCD7F2C9-6A2C-4CF0-8E89-076B8FC0F144}.Debug|Mixed Platforms.ActiveCfg = Debug|Any CPU
		{CCD7F2C9-6A2C-4CF0-8E89-076B8FC0F144}.Debug|Mixed Platforms.Build.0 = Debug|Any CPU
		{CCD7F2C9-6A2C-4CF0-8E89-076B8FC0F144}.Debug|x86.ActiveCfg = Debug|Any CPU
		{CCD7F2C9-6A2C-4CF0-8E89-076B8FC0F144}.EFMigrations|Any CPU.ActiveCfg = EFMigrations|Any CPU
		{CCD7F2C9-6A2C-4CF0-8E89-076B8FC0F144}.EFMigrations|Any CPU.Build.0 = EFMigrations|Any CPU
		{CCD7F2C9-6A2C-4CF0-8E89-076B8FC0F144}.EFMigrations|Mixed Platforms.ActiveCfg = EFMigrations|Any CPU
		{CCD7F2C9-6A2C-4CF0-8E89-076B8FC0F144}.EFMigrations|Mixed Platforms.Build.0 = EFMigrations|Any CPU
		{CCD7F2C9-6A2C-4CF0-8E89-076B8FC0F144}.EFMigrations|x86.ActiveCfg = EFMigrations|Any CPU
		{CCD7F2C9-6A2C-4CF0-8E89-076B8FC0F144}.PluginDev|Any CPU.ActiveCfg = PluginDev|Any CPU
		{CCD7F2C9-6A2C-4CF0-8E89-076B8FC0F144}.PluginDev|Any CPU.Build.0 = PluginDev|Any CPU
		{CCD7F2C9-6A2C-4CF0-8E89-076B8FC0F144}.PluginDev|Mixed Platforms.ActiveCfg = PluginDev|Any CPU
		{CCD7F2C9-6A2C-4CF0-8E89-076B8FC0F144}.PluginDev|Mixed Platforms.Build.0 = PluginDev|Any CPU
		{CCD7F2C9-6A2C-4CF0-8E89-076B8FC0F144}.PluginDev|x86.ActiveCfg = PluginDev|Any CPU
		{CCD7F2C9-6A2C-4CF0-8E89-076B8FC0F144}.Release|Any CPU.ActiveCfg = Release|Any CPU
		{CCD7F2C9-6A2C-4CF0-8E89-076B8FC0F144}.Release|Any CPU.Build.0 = Release|Any CPU
		{CCD7F2C9-6A2C-4CF0-8E89-076B8FC0F144}.Release|Mixed Platforms.ActiveCfg = Release|Any CPU
		{CCD7F2C9-6A2C-4CF0-8E89-076B8FC0F144}.Release|Mixed Platforms.Build.0 = Release|Any CPU
		{CCD7F2C9-6A2C-4CF0-8E89-076B8FC0F144}.Release|x86.ActiveCfg = Release|Any CPU
		{6BDA8332-939F-45B7-A25E-7A797260AE59}.Debug|Any CPU.ActiveCfg = Debug|Any CPU
		{6BDA8332-939F-45B7-A25E-7A797260AE59}.Debug|Any CPU.Build.0 = Debug|Any CPU
		{6BDA8332-939F-45B7-A25E-7A797260AE59}.Debug|Mixed Platforms.ActiveCfg = Debug|Any CPU
		{6BDA8332-939F-45B7-A25E-7A797260AE59}.Debug|Mixed Platforms.Build.0 = Debug|Any CPU
		{6BDA8332-939F-45B7-A25E-7A797260AE59}.Debug|x86.ActiveCfg = Debug|Any CPU
		{6BDA8332-939F-45B7-A25E-7A797260AE59}.EFMigrations|Any CPU.ActiveCfg = EFMigrations|Any CPU
		{6BDA8332-939F-45B7-A25E-7A797260AE59}.EFMigrations|Any CPU.Build.0 = EFMigrations|Any CPU
		{6BDA8332-939F-45B7-A25E-7A797260AE59}.EFMigrations|Mixed Platforms.ActiveCfg = EFMigrations|Any CPU
		{6BDA8332-939F-45B7-A25E-7A797260AE59}.EFMigrations|Mixed Platforms.Build.0 = EFMigrations|Any CPU
		{6BDA8332-939F-45B7-A25E-7A797260AE59}.EFMigrations|x86.ActiveCfg = EFMigrations|Any CPU
		{6BDA8332-939F-45B7-A25E-7A797260AE59}.PluginDev|Any CPU.ActiveCfg = PluginDev|Any CPU
		{6BDA8332-939F-45B7-A25E-7A797260AE59}.PluginDev|Any CPU.Build.0 = PluginDev|Any CPU
		{6BDA8332-939F-45B7-A25E-7A797260AE59}.PluginDev|Mixed Platforms.ActiveCfg = PluginDev|Any CPU
		{6BDA8332-939F-45B7-A25E-7A797260AE59}.PluginDev|Mixed Platforms.Build.0 = PluginDev|Any CPU
		{6BDA8332-939F-45B7-A25E-7A797260AE59}.PluginDev|x86.ActiveCfg = PluginDev|Any CPU
		{6BDA8332-939F-45B7-A25E-7A797260AE59}.Release|Any CPU.ActiveCfg = Release|Any CPU
		{6BDA8332-939F-45B7-A25E-7A797260AE59}.Release|Any CPU.Build.0 = Release|Any CPU
		{6BDA8332-939F-45B7-A25E-7A797260AE59}.Release|Mixed Platforms.ActiveCfg = Release|Any CPU
		{6BDA8332-939F-45B7-A25E-7A797260AE59}.Release|Mixed Platforms.Build.0 = Release|Any CPU
		{6BDA8332-939F-45B7-A25E-7A797260AE59}.Release|x86.ActiveCfg = Release|Any CPU
		{4F1F649C-1020-45BE-A487-F416D9297FF3}.Debug|Any CPU.ActiveCfg = Debug|Any CPU
		{4F1F649C-1020-45BE-A487-F416D9297FF3}.Debug|Any CPU.Build.0 = Debug|Any CPU
		{4F1F649C-1020-45BE-A487-F416D9297FF3}.Debug|Mixed Platforms.ActiveCfg = Debug|Any CPU
		{4F1F649C-1020-45BE-A487-F416D9297FF3}.Debug|Mixed Platforms.Build.0 = Debug|Any CPU
		{4F1F649C-1020-45BE-A487-F416D9297FF3}.Debug|x86.ActiveCfg = Debug|Any CPU
		{4F1F649C-1020-45BE-A487-F416D9297FF3}.EFMigrations|Any CPU.ActiveCfg = EFMigrations|Any CPU
		{4F1F649C-1020-45BE-A487-F416D9297FF3}.EFMigrations|Any CPU.Build.0 = EFMigrations|Any CPU
		{4F1F649C-1020-45BE-A487-F416D9297FF3}.EFMigrations|Mixed Platforms.ActiveCfg = EFMigrations|Any CPU
		{4F1F649C-1020-45BE-A487-F416D9297FF3}.EFMigrations|Mixed Platforms.Build.0 = EFMigrations|Any CPU
		{4F1F649C-1020-45BE-A487-F416D9297FF3}.EFMigrations|x86.ActiveCfg = EFMigrations|Any CPU
		{4F1F649C-1020-45BE-A487-F416D9297FF3}.PluginDev|Any CPU.ActiveCfg = PluginDev|Any CPU
		{4F1F649C-1020-45BE-A487-F416D9297FF3}.PluginDev|Any CPU.Build.0 = PluginDev|Any CPU
		{4F1F649C-1020-45BE-A487-F416D9297FF3}.PluginDev|Mixed Platforms.ActiveCfg = PluginDev|Any CPU
		{4F1F649C-1020-45BE-A487-F416D9297FF3}.PluginDev|Mixed Platforms.Build.0 = PluginDev|Any CPU
		{4F1F649C-1020-45BE-A487-F416D9297FF3}.PluginDev|x86.ActiveCfg = PluginDev|Any CPU
		{4F1F649C-1020-45BE-A487-F416D9297FF3}.Release|Any CPU.ActiveCfg = Release|Any CPU
		{4F1F649C-1020-45BE-A487-F416D9297FF3}.Release|Any CPU.Build.0 = Release|Any CPU
		{4F1F649C-1020-45BE-A487-F416D9297FF3}.Release|Mixed Platforms.ActiveCfg = Release|Any CPU
		{4F1F649C-1020-45BE-A487-F416D9297FF3}.Release|Mixed Platforms.Build.0 = Release|Any CPU
		{4F1F649C-1020-45BE-A487-F416D9297FF3}.Release|x86.ActiveCfg = Release|Any CPU
		{152C761A-DD2E-4C1F-AF89-DFB2547A3BCA}.Debug|Any CPU.ActiveCfg = Debug|Any CPU
		{152C761A-DD2E-4C1F-AF89-DFB2547A3BCA}.Debug|Any CPU.Build.0 = Debug|Any CPU
		{152C761A-DD2E-4C1F-AF89-DFB2547A3BCA}.Debug|Mixed Platforms.ActiveCfg = Debug|Any CPU
		{152C761A-DD2E-4C1F-AF89-DFB2547A3BCA}.Debug|Mixed Platforms.Build.0 = Debug|Any CPU
		{152C761A-DD2E-4C1F-AF89-DFB2547A3BCA}.Debug|x86.ActiveCfg = Debug|Any CPU
		{152C761A-DD2E-4C1F-AF89-DFB2547A3BCA}.EFMigrations|Any CPU.ActiveCfg = EFMigrations|Any CPU
		{152C761A-DD2E-4C1F-AF89-DFB2547A3BCA}.EFMigrations|Any CPU.Build.0 = EFMigrations|Any CPU
		{152C761A-DD2E-4C1F-AF89-DFB2547A3BCA}.EFMigrations|Mixed Platforms.ActiveCfg = EFMigrations|Any CPU
		{152C761A-DD2E-4C1F-AF89-DFB2547A3BCA}.EFMigrations|Mixed Platforms.Build.0 = EFMigrations|Any CPU
		{152C761A-DD2E-4C1F-AF89-DFB2547A3BCA}.EFMigrations|x86.ActiveCfg = EFMigrations|Any CPU
		{152C761A-DD2E-4C1F-AF89-DFB2547A3BCA}.PluginDev|Any CPU.ActiveCfg = PluginDev|Any CPU
		{152C761A-DD2E-4C1F-AF89-DFB2547A3BCA}.PluginDev|Any CPU.Build.0 = PluginDev|Any CPU
		{152C761A-DD2E-4C1F-AF89-DFB2547A3BCA}.PluginDev|Mixed Platforms.ActiveCfg = PluginDev|Any CPU
		{152C761A-DD2E-4C1F-AF89-DFB2547A3BCA}.PluginDev|Mixed Platforms.Build.0 = PluginDev|Any CPU
		{152C761A-DD2E-4C1F-AF89-DFB2547A3BCA}.PluginDev|x86.ActiveCfg = PluginDev|Any CPU
		{152C761A-DD2E-4C1F-AF89-DFB2547A3BCA}.Release|Any CPU.ActiveCfg = Release|Any CPU
		{152C761A-DD2E-4C1F-AF89-DFB2547A3BCA}.Release|Any CPU.Build.0 = Release|Any CPU
		{152C761A-DD2E-4C1F-AF89-DFB2547A3BCA}.Release|Mixed Platforms.ActiveCfg = Release|Any CPU
		{152C761A-DD2E-4C1F-AF89-DFB2547A3BCA}.Release|Mixed Platforms.Build.0 = Release|Any CPU
		{152C761A-DD2E-4C1F-AF89-DFB2547A3BCA}.Release|x86.ActiveCfg = Release|Any CPU
		{75FD4163-333C-4DD5-854D-2EF294E45D94}.Debug|Any CPU.ActiveCfg = Debug|Any CPU
		{75FD4163-333C-4DD5-854D-2EF294E45D94}.Debug|Any CPU.Build.0 = Debug|Any CPU
		{75FD4163-333C-4DD5-854D-2EF294E45D94}.Debug|Mixed Platforms.ActiveCfg = Debug|Any CPU
		{75FD4163-333C-4DD5-854D-2EF294E45D94}.Debug|Mixed Platforms.Build.0 = Debug|Any CPU
		{75FD4163-333C-4DD5-854D-2EF294E45D94}.Debug|x86.ActiveCfg = Debug|Any CPU
		{75FD4163-333C-4DD5-854D-2EF294E45D94}.EFMigrations|Any CPU.ActiveCfg = EFMigrations|Any CPU
		{75FD4163-333C-4DD5-854D-2EF294E45D94}.EFMigrations|Any CPU.Build.0 = EFMigrations|Any CPU
		{75FD4163-333C-4DD5-854D-2EF294E45D94}.EFMigrations|Mixed Platforms.ActiveCfg = EFMigrations|Any CPU
		{75FD4163-333C-4DD5-854D-2EF294E45D94}.EFMigrations|Mixed Platforms.Build.0 = EFMigrations|Any CPU
		{75FD4163-333C-4DD5-854D-2EF294E45D94}.EFMigrations|x86.ActiveCfg = EFMigrations|Any CPU
		{75FD4163-333C-4DD5-854D-2EF294E45D94}.PluginDev|Any CPU.ActiveCfg = PluginDev|Any CPU
		{75FD4163-333C-4DD5-854D-2EF294E45D94}.PluginDev|Any CPU.Build.0 = PluginDev|Any CPU
		{75FD4163-333C-4DD5-854D-2EF294E45D94}.PluginDev|Mixed Platforms.ActiveCfg = PluginDev|Any CPU
		{75FD4163-333C-4DD5-854D-2EF294E45D94}.PluginDev|Mixed Platforms.Build.0 = PluginDev|Any CPU
		{75FD4163-333C-4DD5-854D-2EF294E45D94}.PluginDev|x86.ActiveCfg = PluginDev|Any CPU
		{75FD4163-333C-4DD5-854D-2EF294E45D94}.Release|Any CPU.ActiveCfg = Release|Any CPU
		{75FD4163-333C-4DD5-854D-2EF294E45D94}.Release|Any CPU.Build.0 = Release|Any CPU
		{75FD4163-333C-4DD5-854D-2EF294E45D94}.Release|Mixed Platforms.ActiveCfg = Release|Any CPU
		{75FD4163-333C-4DD5-854D-2EF294E45D94}.Release|Mixed Platforms.Build.0 = Release|Any CPU
		{75FD4163-333C-4DD5-854D-2EF294E45D94}.Release|x86.ActiveCfg = Release|Any CPU
		{DCC07617-E6EB-4F3C-AAFF-B15CA2B6E07F}.Debug|Any CPU.ActiveCfg = Debug|Any CPU
		{DCC07617-E6EB-4F3C-AAFF-B15CA2B6E07F}.Debug|Any CPU.Build.0 = Debug|Any CPU
		{DCC07617-E6EB-4F3C-AAFF-B15CA2B6E07F}.Debug|Mixed Platforms.ActiveCfg = Debug|Any CPU
		{DCC07617-E6EB-4F3C-AAFF-B15CA2B6E07F}.Debug|Mixed Platforms.Build.0 = Debug|Any CPU
		{DCC07617-E6EB-4F3C-AAFF-B15CA2B6E07F}.Debug|x86.ActiveCfg = Debug|Any CPU
		{DCC07617-E6EB-4F3C-AAFF-B15CA2B6E07F}.EFMigrations|Any CPU.ActiveCfg = PluginDev|Any CPU
		{DCC07617-E6EB-4F3C-AAFF-B15CA2B6E07F}.EFMigrations|Any CPU.Build.0 = PluginDev|Any CPU
		{DCC07617-E6EB-4F3C-AAFF-B15CA2B6E07F}.EFMigrations|Mixed Platforms.ActiveCfg = PluginDev|Any CPU
		{DCC07617-E6EB-4F3C-AAFF-B15CA2B6E07F}.EFMigrations|Mixed Platforms.Build.0 = PluginDev|Any CPU
		{DCC07617-E6EB-4F3C-AAFF-B15CA2B6E07F}.EFMigrations|x86.ActiveCfg = PluginDev|Any CPU
		{DCC07617-E6EB-4F3C-AAFF-B15CA2B6E07F}.PluginDev|Any CPU.ActiveCfg = PluginDev|Any CPU
		{DCC07617-E6EB-4F3C-AAFF-B15CA2B6E07F}.PluginDev|Any CPU.Build.0 = PluginDev|Any CPU
		{DCC07617-E6EB-4F3C-AAFF-B15CA2B6E07F}.PluginDev|Mixed Platforms.ActiveCfg = PluginDev|Any CPU
		{DCC07617-E6EB-4F3C-AAFF-B15CA2B6E07F}.PluginDev|Mixed Platforms.Build.0 = PluginDev|Any CPU
		{DCC07617-E6EB-4F3C-AAFF-B15CA2B6E07F}.PluginDev|x86.ActiveCfg = PluginDev|Any CPU
		{DCC07617-E6EB-4F3C-AAFF-B15CA2B6E07F}.Release|Any CPU.ActiveCfg = Release|Any CPU
		{DCC07617-E6EB-4F3C-AAFF-B15CA2B6E07F}.Release|Any CPU.Build.0 = Release|Any CPU
		{DCC07617-E6EB-4F3C-AAFF-B15CA2B6E07F}.Release|Mixed Platforms.ActiveCfg = Release|Any CPU
		{DCC07617-E6EB-4F3C-AAFF-B15CA2B6E07F}.Release|Mixed Platforms.Build.0 = Release|Any CPU
		{DCC07617-E6EB-4F3C-AAFF-B15CA2B6E07F}.Release|x86.ActiveCfg = Release|Any CPU
		{CD28D50C-38C3-4371-80B3-71FE7853D61D}.Debug|Any CPU.ActiveCfg = Debug|Any CPU
		{CD28D50C-38C3-4371-80B3-71FE7853D61D}.Debug|Any CPU.Build.0 = Debug|Any CPU
		{CD28D50C-38C3-4371-80B3-71FE7853D61D}.Debug|Mixed Platforms.ActiveCfg = Debug|Any CPU
		{CD28D50C-38C3-4371-80B3-71FE7853D61D}.Debug|Mixed Platforms.Build.0 = Debug|Any CPU
		{CD28D50C-38C3-4371-80B3-71FE7853D61D}.Debug|x86.ActiveCfg = Debug|Any CPU
		{CD28D50C-38C3-4371-80B3-71FE7853D61D}.EFMigrations|Any CPU.ActiveCfg = PluginDev|Any CPU
		{CD28D50C-38C3-4371-80B3-71FE7853D61D}.EFMigrations|Any CPU.Build.0 = PluginDev|Any CPU
		{CD28D50C-38C3-4371-80B3-71FE7853D61D}.EFMigrations|Mixed Platforms.ActiveCfg = PluginDev|Any CPU
		{CD28D50C-38C3-4371-80B3-71FE7853D61D}.EFMigrations|Mixed Platforms.Build.0 = PluginDev|Any CPU
		{CD28D50C-38C3-4371-80B3-71FE7853D61D}.EFMigrations|x86.ActiveCfg = PluginDev|Any CPU
		{CD28D50C-38C3-4371-80B3-71FE7853D61D}.PluginDev|Any CPU.ActiveCfg = PluginDev|Any CPU
		{CD28D50C-38C3-4371-80B3-71FE7853D61D}.PluginDev|Any CPU.Build.0 = PluginDev|Any CPU
		{CD28D50C-38C3-4371-80B3-71FE7853D61D}.PluginDev|Mixed Platforms.ActiveCfg = PluginDev|Any CPU
		{CD28D50C-38C3-4371-80B3-71FE7853D61D}.PluginDev|Mixed Platforms.Build.0 = PluginDev|Any CPU
		{CD28D50C-38C3-4371-80B3-71FE7853D61D}.PluginDev|x86.ActiveCfg = PluginDev|Any CPU
		{CD28D50C-38C3-4371-80B3-71FE7853D61D}.Release|Any CPU.ActiveCfg = Release|Any CPU
		{CD28D50C-38C3-4371-80B3-71FE7853D61D}.Release|Any CPU.Build.0 = Release|Any CPU
		{CD28D50C-38C3-4371-80B3-71FE7853D61D}.Release|Mixed Platforms.ActiveCfg = Release|Any CPU
		{CD28D50C-38C3-4371-80B3-71FE7853D61D}.Release|Mixed Platforms.Build.0 = Release|Any CPU
		{CD28D50C-38C3-4371-80B3-71FE7853D61D}.Release|x86.ActiveCfg = Release|Any CPU
		{965A02F0-FC84-4AC4-91E4-79EADFC1CA9D}.Debug|Any CPU.ActiveCfg = Debug|Any CPU
		{965A02F0-FC84-4AC4-91E4-79EADFC1CA9D}.Debug|Any CPU.Build.0 = Debug|Any CPU
		{965A02F0-FC84-4AC4-91E4-79EADFC1CA9D}.Debug|Mixed Platforms.ActiveCfg = Debug|Any CPU
		{965A02F0-FC84-4AC4-91E4-79EADFC1CA9D}.Debug|Mixed Platforms.Build.0 = Debug|Any CPU
		{965A02F0-FC84-4AC4-91E4-79EADFC1CA9D}.Debug|x86.ActiveCfg = Debug|Any CPU
		{965A02F0-FC84-4AC4-91E4-79EADFC1CA9D}.EFMigrations|Any CPU.ActiveCfg = EFMigrations|Any CPU
		{965A02F0-FC84-4AC4-91E4-79EADFC1CA9D}.EFMigrations|Any CPU.Build.0 = EFMigrations|Any CPU
		{965A02F0-FC84-4AC4-91E4-79EADFC1CA9D}.EFMigrations|Mixed Platforms.ActiveCfg = EFMigrations|Any CPU
		{965A02F0-FC84-4AC4-91E4-79EADFC1CA9D}.EFMigrations|Mixed Platforms.Build.0 = EFMigrations|Any CPU
		{965A02F0-FC84-4AC4-91E4-79EADFC1CA9D}.EFMigrations|x86.ActiveCfg = EFMigrations|Any CPU
		{965A02F0-FC84-4AC4-91E4-79EADFC1CA9D}.PluginDev|Any CPU.ActiveCfg = PluginDev|Any CPU
		{965A02F0-FC84-4AC4-91E4-79EADFC1CA9D}.PluginDev|Any CPU.Build.0 = PluginDev|Any CPU
		{965A02F0-FC84-4AC4-91E4-79EADFC1CA9D}.PluginDev|Mixed Platforms.ActiveCfg = PluginDev|Any CPU
		{965A02F0-FC84-4AC4-91E4-79EADFC1CA9D}.PluginDev|Mixed Platforms.Build.0 = PluginDev|Any CPU
		{965A02F0-FC84-4AC4-91E4-79EADFC1CA9D}.PluginDev|x86.ActiveCfg = PluginDev|Any CPU
		{965A02F0-FC84-4AC4-91E4-79EADFC1CA9D}.Release|Any CPU.ActiveCfg = Release|Any CPU
		{965A02F0-FC84-4AC4-91E4-79EADFC1CA9D}.Release|Any CPU.Build.0 = Release|Any CPU
		{965A02F0-FC84-4AC4-91E4-79EADFC1CA9D}.Release|Mixed Platforms.ActiveCfg = Release|Any CPU
		{965A02F0-FC84-4AC4-91E4-79EADFC1CA9D}.Release|Mixed Platforms.Build.0 = Release|Any CPU
		{965A02F0-FC84-4AC4-91E4-79EADFC1CA9D}.Release|x86.ActiveCfg = Release|Any CPU
		{446FED73-BCA1-4D8F-BC13-EA1507C7EF29}.Debug|Any CPU.ActiveCfg = Debug|Any CPU
		{446FED73-BCA1-4D8F-BC13-EA1507C7EF29}.Debug|Any CPU.Build.0 = Debug|Any CPU
		{446FED73-BCA1-4D8F-BC13-EA1507C7EF29}.Debug|Mixed Platforms.ActiveCfg = Debug|Any CPU
		{446FED73-BCA1-4D8F-BC13-EA1507C7EF29}.Debug|Mixed Platforms.Build.0 = Debug|Any CPU
		{446FED73-BCA1-4D8F-BC13-EA1507C7EF29}.Debug|x86.ActiveCfg = Debug|Any CPU
		{446FED73-BCA1-4D8F-BC13-EA1507C7EF29}.EFMigrations|Any CPU.ActiveCfg = EFMigrations|Any CPU
		{446FED73-BCA1-4D8F-BC13-EA1507C7EF29}.EFMigrations|Any CPU.Build.0 = EFMigrations|Any CPU
		{446FED73-BCA1-4D8F-BC13-EA1507C7EF29}.EFMigrations|Mixed Platforms.ActiveCfg = EFMigrations|Any CPU
		{446FED73-BCA1-4D8F-BC13-EA1507C7EF29}.EFMigrations|Mixed Platforms.Build.0 = EFMigrations|Any CPU
		{446FED73-BCA1-4D8F-BC13-EA1507C7EF29}.EFMigrations|x86.ActiveCfg = EFMigrations|Any CPU
		{446FED73-BCA1-4D8F-BC13-EA1507C7EF29}.PluginDev|Any CPU.ActiveCfg = PluginDev|Any CPU
		{446FED73-BCA1-4D8F-BC13-EA1507C7EF29}.PluginDev|Any CPU.Build.0 = PluginDev|Any CPU
		{446FED73-BCA1-4D8F-BC13-EA1507C7EF29}.PluginDev|Mixed Platforms.ActiveCfg = PluginDev|Any CPU
		{446FED73-BCA1-4D8F-BC13-EA1507C7EF29}.PluginDev|Mixed Platforms.Build.0 = PluginDev|Any CPU
		{446FED73-BCA1-4D8F-BC13-EA1507C7EF29}.PluginDev|x86.ActiveCfg = PluginDev|Any CPU
		{446FED73-BCA1-4D8F-BC13-EA1507C7EF29}.Release|Any CPU.ActiveCfg = Release|Any CPU
		{446FED73-BCA1-4D8F-BC13-EA1507C7EF29}.Release|Any CPU.Build.0 = Release|Any CPU
		{446FED73-BCA1-4D8F-BC13-EA1507C7EF29}.Release|Mixed Platforms.ActiveCfg = Release|Any CPU
		{446FED73-BCA1-4D8F-BC13-EA1507C7EF29}.Release|Mixed Platforms.Build.0 = Release|Any CPU
		{446FED73-BCA1-4D8F-BC13-EA1507C7EF29}.Release|x86.ActiveCfg = Release|Any CPU
		{E3362B5B-DA5A-4515-BCB0-0DF982F80E89}.Debug|Any CPU.ActiveCfg = Debug|Any CPU
		{E3362B5B-DA5A-4515-BCB0-0DF982F80E89}.Debug|Any CPU.Build.0 = Debug|Any CPU
		{E3362B5B-DA5A-4515-BCB0-0DF982F80E89}.Debug|Mixed Platforms.ActiveCfg = Debug|Any CPU
		{E3362B5B-DA5A-4515-BCB0-0DF982F80E89}.Debug|Mixed Platforms.Build.0 = Debug|Any CPU
		{E3362B5B-DA5A-4515-BCB0-0DF982F80E89}.Debug|x86.ActiveCfg = Debug|Any CPU
		{E3362B5B-DA5A-4515-BCB0-0DF982F80E89}.EFMigrations|Any CPU.ActiveCfg = EFMigrations|Any CPU
		{E3362B5B-DA5A-4515-BCB0-0DF982F80E89}.EFMigrations|Any CPU.Build.0 = EFMigrations|Any CPU
		{E3362B5B-DA5A-4515-BCB0-0DF982F80E89}.EFMigrations|Mixed Platforms.ActiveCfg = EFMigrations|Any CPU
		{E3362B5B-DA5A-4515-BCB0-0DF982F80E89}.EFMigrations|Mixed Platforms.Build.0 = EFMigrations|Any CPU
		{E3362B5B-DA5A-4515-BCB0-0DF982F80E89}.EFMigrations|x86.ActiveCfg = EFMigrations|Any CPU
		{E3362B5B-DA5A-4515-BCB0-0DF982F80E89}.PluginDev|Any CPU.ActiveCfg = PluginDev|Any CPU
		{E3362B5B-DA5A-4515-BCB0-0DF982F80E89}.PluginDev|Any CPU.Build.0 = PluginDev|Any CPU
		{E3362B5B-DA5A-4515-BCB0-0DF982F80E89}.PluginDev|Mixed Platforms.ActiveCfg = PluginDev|Any CPU
		{E3362B5B-DA5A-4515-BCB0-0DF982F80E89}.PluginDev|Mixed Platforms.Build.0 = PluginDev|Any CPU
		{E3362B5B-DA5A-4515-BCB0-0DF982F80E89}.PluginDev|x86.ActiveCfg = PluginDev|Any CPU
		{E3362B5B-DA5A-4515-BCB0-0DF982F80E89}.Release|Any CPU.ActiveCfg = Release|Any CPU
		{E3362B5B-DA5A-4515-BCB0-0DF982F80E89}.Release|Any CPU.Build.0 = Release|Any CPU
		{E3362B5B-DA5A-4515-BCB0-0DF982F80E89}.Release|Mixed Platforms.ActiveCfg = Release|Any CPU
		{E3362B5B-DA5A-4515-BCB0-0DF982F80E89}.Release|Mixed Platforms.Build.0 = Release|Any CPU
		{E3362B5B-DA5A-4515-BCB0-0DF982F80E89}.Release|x86.ActiveCfg = Release|Any CPU
		{C2B83AF5-80F6-4B8C-8628-FA7DE10C3BB5}.Debug|Any CPU.ActiveCfg = Debug|Any CPU
		{C2B83AF5-80F6-4B8C-8628-FA7DE10C3BB5}.Debug|Any CPU.Build.0 = Debug|Any CPU
		{C2B83AF5-80F6-4B8C-8628-FA7DE10C3BB5}.Debug|Mixed Platforms.ActiveCfg = Debug|Any CPU
		{C2B83AF5-80F6-4B8C-8628-FA7DE10C3BB5}.Debug|Mixed Platforms.Build.0 = Debug|Any CPU
		{C2B83AF5-80F6-4B8C-8628-FA7DE10C3BB5}.Debug|x86.ActiveCfg = Debug|Any CPU
		{C2B83AF5-80F6-4B8C-8628-FA7DE10C3BB5}.EFMigrations|Any CPU.ActiveCfg = EFMigrations|Any CPU
		{C2B83AF5-80F6-4B8C-8628-FA7DE10C3BB5}.EFMigrations|Any CPU.Build.0 = EFMigrations|Any CPU
		{C2B83AF5-80F6-4B8C-8628-FA7DE10C3BB5}.EFMigrations|Mixed Platforms.ActiveCfg = EFMigrations|Any CPU
		{C2B83AF5-80F6-4B8C-8628-FA7DE10C3BB5}.EFMigrations|Mixed Platforms.Build.0 = EFMigrations|Any CPU
		{C2B83AF5-80F6-4B8C-8628-FA7DE10C3BB5}.EFMigrations|x86.ActiveCfg = EFMigrations|Any CPU
		{C2B83AF5-80F6-4B8C-8628-FA7DE10C3BB5}.PluginDev|Any CPU.ActiveCfg = PluginDev|Any CPU
		{C2B83AF5-80F6-4B8C-8628-FA7DE10C3BB5}.PluginDev|Any CPU.Build.0 = PluginDev|Any CPU
		{C2B83AF5-80F6-4B8C-8628-FA7DE10C3BB5}.PluginDev|Mixed Platforms.ActiveCfg = PluginDev|Any CPU
		{C2B83AF5-80F6-4B8C-8628-FA7DE10C3BB5}.PluginDev|Mixed Platforms.Build.0 = PluginDev|Any CPU
		{C2B83AF5-80F6-4B8C-8628-FA7DE10C3BB5}.PluginDev|x86.ActiveCfg = PluginDev|Any CPU
		{C2B83AF5-80F6-4B8C-8628-FA7DE10C3BB5}.Release|Any CPU.ActiveCfg = Release|Any CPU
		{C2B83AF5-80F6-4B8C-8628-FA7DE10C3BB5}.Release|Any CPU.Build.0 = Release|Any CPU
		{C2B83AF5-80F6-4B8C-8628-FA7DE10C3BB5}.Release|Mixed Platforms.ActiveCfg = Release|Any CPU
		{C2B83AF5-80F6-4B8C-8628-FA7DE10C3BB5}.Release|Mixed Platforms.Build.0 = Release|Any CPU
		{C2B83AF5-80F6-4B8C-8628-FA7DE10C3BB5}.Release|x86.ActiveCfg = Release|Any CPU
		{BD1D993C-50E7-40DF-83BB-45455F9CE402}.Debug|Any CPU.ActiveCfg = Debug|Any CPU
		{BD1D993C-50E7-40DF-83BB-45455F9CE402}.Debug|Any CPU.Build.0 = Debug|Any CPU
		{BD1D993C-50E7-40DF-83BB-45455F9CE402}.Debug|Mixed Platforms.ActiveCfg = Debug|Any CPU
		{BD1D993C-50E7-40DF-83BB-45455F9CE402}.Debug|Mixed Platforms.Build.0 = Debug|Any CPU
		{BD1D993C-50E7-40DF-83BB-45455F9CE402}.Debug|x86.ActiveCfg = Debug|Any CPU
		{BD1D993C-50E7-40DF-83BB-45455F9CE402}.EFMigrations|Any CPU.ActiveCfg = PluginDev|Any CPU
		{BD1D993C-50E7-40DF-83BB-45455F9CE402}.EFMigrations|Any CPU.Build.0 = PluginDev|Any CPU
		{BD1D993C-50E7-40DF-83BB-45455F9CE402}.EFMigrations|Mixed Platforms.ActiveCfg = PluginDev|Any CPU
		{BD1D993C-50E7-40DF-83BB-45455F9CE402}.EFMigrations|Mixed Platforms.Build.0 = PluginDev|Any CPU
		{BD1D993C-50E7-40DF-83BB-45455F9CE402}.EFMigrations|x86.ActiveCfg = PluginDev|Any CPU
		{BD1D993C-50E7-40DF-83BB-45455F9CE402}.PluginDev|Any CPU.ActiveCfg = PluginDev|Any CPU
		{BD1D993C-50E7-40DF-83BB-45455F9CE402}.PluginDev|Any CPU.Build.0 = PluginDev|Any CPU
		{BD1D993C-50E7-40DF-83BB-45455F9CE402}.PluginDev|Mixed Platforms.ActiveCfg = PluginDev|Any CPU
		{BD1D993C-50E7-40DF-83BB-45455F9CE402}.PluginDev|Mixed Platforms.Build.0 = PluginDev|Any CPU
		{BD1D993C-50E7-40DF-83BB-45455F9CE402}.PluginDev|x86.ActiveCfg = PluginDev|Any CPU
		{BD1D993C-50E7-40DF-83BB-45455F9CE402}.Release|Any CPU.ActiveCfg = Release|Any CPU
		{BD1D993C-50E7-40DF-83BB-45455F9CE402}.Release|Any CPU.Build.0 = Release|Any CPU
		{BD1D993C-50E7-40DF-83BB-45455F9CE402}.Release|Mixed Platforms.ActiveCfg = Release|Any CPU
		{BD1D993C-50E7-40DF-83BB-45455F9CE402}.Release|Mixed Platforms.Build.0 = Release|Any CPU
		{BD1D993C-50E7-40DF-83BB-45455F9CE402}.Release|x86.ActiveCfg = Release|Any CPU
		{692E9D31-1393-47BF-B372-63F671052F89}.Debug|Any CPU.ActiveCfg = Debug|Any CPU
		{692E9D31-1393-47BF-B372-63F671052F89}.Debug|Any CPU.Build.0 = Debug|Any CPU
		{692E9D31-1393-47BF-B372-63F671052F89}.Debug|Mixed Platforms.ActiveCfg = Debug|Any CPU
		{692E9D31-1393-47BF-B372-63F671052F89}.Debug|Mixed Platforms.Build.0 = Debug|Any CPU
		{692E9D31-1393-47BF-B372-63F671052F89}.Debug|x86.ActiveCfg = Debug|Any CPU
		{692E9D31-1393-47BF-B372-63F671052F89}.EFMigrations|Any CPU.ActiveCfg = EFMigrations|Any CPU
		{692E9D31-1393-47BF-B372-63F671052F89}.EFMigrations|Any CPU.Build.0 = EFMigrations|Any CPU
		{692E9D31-1393-47BF-B372-63F671052F89}.EFMigrations|Mixed Platforms.ActiveCfg = EFMigrations|Any CPU
		{692E9D31-1393-47BF-B372-63F671052F89}.EFMigrations|Mixed Platforms.Build.0 = EFMigrations|Any CPU
		{692E9D31-1393-47BF-B372-63F671052F89}.EFMigrations|x86.ActiveCfg = EFMigrations|Any CPU
		{692E9D31-1393-47BF-B372-63F671052F89}.PluginDev|Any CPU.ActiveCfg = PluginDev|Any CPU
		{692E9D31-1393-47BF-B372-63F671052F89}.PluginDev|Any CPU.Build.0 = PluginDev|Any CPU
		{692E9D31-1393-47BF-B372-63F671052F89}.PluginDev|Mixed Platforms.ActiveCfg = PluginDev|Any CPU
		{692E9D31-1393-47BF-B372-63F671052F89}.PluginDev|Mixed Platforms.Build.0 = PluginDev|Any CPU
		{692E9D31-1393-47BF-B372-63F671052F89}.PluginDev|x86.ActiveCfg = PluginDev|Any CPU
		{692E9D31-1393-47BF-B372-63F671052F89}.Release|Any CPU.ActiveCfg = Release|Any CPU
		{692E9D31-1393-47BF-B372-63F671052F89}.Release|Any CPU.Build.0 = Release|Any CPU
		{692E9D31-1393-47BF-B372-63F671052F89}.Release|Mixed Platforms.ActiveCfg = Release|Any CPU
		{692E9D31-1393-47BF-B372-63F671052F89}.Release|Mixed Platforms.Build.0 = Release|Any CPU
		{692E9D31-1393-47BF-B372-63F671052F89}.Release|x86.ActiveCfg = Release|Any CPU
		{0793FB50-67BB-461E-B961-2F45887464CF}.Debug|Any CPU.ActiveCfg = Debug|Any CPU
		{0793FB50-67BB-461E-B961-2F45887464CF}.Debug|Any CPU.Build.0 = Debug|Any CPU
		{0793FB50-67BB-461E-B961-2F45887464CF}.Debug|Mixed Platforms.ActiveCfg = Debug|Any CPU
		{0793FB50-67BB-461E-B961-2F45887464CF}.Debug|Mixed Platforms.Build.0 = Debug|Any CPU
		{0793FB50-67BB-461E-B961-2F45887464CF}.Debug|x86.ActiveCfg = Debug|Any CPU
		{0793FB50-67BB-461E-B961-2F45887464CF}.EFMigrations|Any CPU.ActiveCfg = EFMigrations|Any CPU
		{0793FB50-67BB-461E-B961-2F45887464CF}.EFMigrations|Any CPU.Build.0 = EFMigrations|Any CPU
		{0793FB50-67BB-461E-B961-2F45887464CF}.EFMigrations|Mixed Platforms.ActiveCfg = EFMigrations|Any CPU
		{0793FB50-67BB-461E-B961-2F45887464CF}.EFMigrations|Mixed Platforms.Build.0 = EFMigrations|Any CPU
		{0793FB50-67BB-461E-B961-2F45887464CF}.EFMigrations|x86.ActiveCfg = EFMigrations|Any CPU
		{0793FB50-67BB-461E-B961-2F45887464CF}.PluginDev|Any CPU.ActiveCfg = PluginDev|Any CPU
		{0793FB50-67BB-461E-B961-2F45887464CF}.PluginDev|Any CPU.Build.0 = PluginDev|Any CPU
		{0793FB50-67BB-461E-B961-2F45887464CF}.PluginDev|Mixed Platforms.ActiveCfg = PluginDev|Any CPU
		{0793FB50-67BB-461E-B961-2F45887464CF}.PluginDev|Mixed Platforms.Build.0 = PluginDev|Any CPU
		{0793FB50-67BB-461E-B961-2F45887464CF}.PluginDev|x86.ActiveCfg = PluginDev|Any CPU
		{0793FB50-67BB-461E-B961-2F45887464CF}.Release|Any CPU.ActiveCfg = Release|Any CPU
		{0793FB50-67BB-461E-B961-2F45887464CF}.Release|Any CPU.Build.0 = Release|Any CPU
		{0793FB50-67BB-461E-B961-2F45887464CF}.Release|Mixed Platforms.ActiveCfg = Release|Any CPU
		{0793FB50-67BB-461E-B961-2F45887464CF}.Release|Mixed Platforms.Build.0 = Release|Any CPU
		{0793FB50-67BB-461E-B961-2F45887464CF}.Release|x86.ActiveCfg = Release|Any CPU
		{94D1BEEB-64A3-4EB6-9017-D66AFAF4F2B2}.Debug|Any CPU.ActiveCfg = Debug|Any CPU
		{94D1BEEB-64A3-4EB6-9017-D66AFAF4F2B2}.Debug|Any CPU.Build.0 = Debug|Any CPU
		{94D1BEEB-64A3-4EB6-9017-D66AFAF4F2B2}.Debug|Mixed Platforms.ActiveCfg = Debug|Any CPU
		{94D1BEEB-64A3-4EB6-9017-D66AFAF4F2B2}.Debug|Mixed Platforms.Build.0 = Debug|Any CPU
		{94D1BEEB-64A3-4EB6-9017-D66AFAF4F2B2}.Debug|x86.ActiveCfg = Debug|Any CPU
		{94D1BEEB-64A3-4EB6-9017-D66AFAF4F2B2}.EFMigrations|Any CPU.ActiveCfg = EFMigrations|Any CPU
		{94D1BEEB-64A3-4EB6-9017-D66AFAF4F2B2}.EFMigrations|Any CPU.Build.0 = EFMigrations|Any CPU
		{94D1BEEB-64A3-4EB6-9017-D66AFAF4F2B2}.EFMigrations|Mixed Platforms.ActiveCfg = EFMigrations|Any CPU
		{94D1BEEB-64A3-4EB6-9017-D66AFAF4F2B2}.EFMigrations|Mixed Platforms.Build.0 = EFMigrations|Any CPU
		{94D1BEEB-64A3-4EB6-9017-D66AFAF4F2B2}.EFMigrations|x86.ActiveCfg = EFMigrations|Any CPU
		{94D1BEEB-64A3-4EB6-9017-D66AFAF4F2B2}.PluginDev|Any CPU.ActiveCfg = PluginDev|Any CPU
		{94D1BEEB-64A3-4EB6-9017-D66AFAF4F2B2}.PluginDev|Any CPU.Build.0 = PluginDev|Any CPU
		{94D1BEEB-64A3-4EB6-9017-D66AFAF4F2B2}.PluginDev|Mixed Platforms.ActiveCfg = PluginDev|Any CPU
		{94D1BEEB-64A3-4EB6-9017-D66AFAF4F2B2}.PluginDev|Mixed Platforms.Build.0 = PluginDev|Any CPU
		{94D1BEEB-64A3-4EB6-9017-D66AFAF4F2B2}.PluginDev|x86.ActiveCfg = PluginDev|Any CPU
		{94D1BEEB-64A3-4EB6-9017-D66AFAF4F2B2}.Release|Any CPU.ActiveCfg = Release|Any CPU
		{94D1BEEB-64A3-4EB6-9017-D66AFAF4F2B2}.Release|Any CPU.Build.0 = Release|Any CPU
		{94D1BEEB-64A3-4EB6-9017-D66AFAF4F2B2}.Release|Mixed Platforms.ActiveCfg = Release|Any CPU
		{94D1BEEB-64A3-4EB6-9017-D66AFAF4F2B2}.Release|Mixed Platforms.Build.0 = Release|Any CPU
		{94D1BEEB-64A3-4EB6-9017-D66AFAF4F2B2}.Release|x86.ActiveCfg = Release|Any CPU
		{ACC1E122-B2C8-4441-BDED-D4A77763331A}.Debug|Any CPU.ActiveCfg = Debug|Any CPU
		{ACC1E122-B2C8-4441-BDED-D4A77763331A}.Debug|Any CPU.Build.0 = Debug|Any CPU
		{ACC1E122-B2C8-4441-BDED-D4A77763331A}.Debug|Mixed Platforms.ActiveCfg = Debug|Any CPU
		{ACC1E122-B2C8-4441-BDED-D4A77763331A}.Debug|Mixed Platforms.Build.0 = Debug|Any CPU
		{ACC1E122-B2C8-4441-BDED-D4A77763331A}.Debug|x86.ActiveCfg = Debug|Any CPU
		{ACC1E122-B2C8-4441-BDED-D4A77763331A}.EFMigrations|Any CPU.ActiveCfg = EFMigrations|Any CPU
		{ACC1E122-B2C8-4441-BDED-D4A77763331A}.EFMigrations|Any CPU.Build.0 = EFMigrations|Any CPU
		{ACC1E122-B2C8-4441-BDED-D4A77763331A}.EFMigrations|Mixed Platforms.ActiveCfg = EFMigrations|Any CPU
		{ACC1E122-B2C8-4441-BDED-D4A77763331A}.EFMigrations|Mixed Platforms.Build.0 = EFMigrations|Any CPU
		{ACC1E122-B2C8-4441-BDED-D4A77763331A}.EFMigrations|x86.ActiveCfg = EFMigrations|Any CPU
		{ACC1E122-B2C8-4441-BDED-D4A77763331A}.PluginDev|Any CPU.ActiveCfg = PluginDev|Any CPU
		{ACC1E122-B2C8-4441-BDED-D4A77763331A}.PluginDev|Any CPU.Build.0 = PluginDev|Any CPU
		{ACC1E122-B2C8-4441-BDED-D4A77763331A}.PluginDev|Mixed Platforms.ActiveCfg = PluginDev|Any CPU
		{ACC1E122-B2C8-4441-BDED-D4A77763331A}.PluginDev|Mixed Platforms.Build.0 = PluginDev|Any CPU
		{ACC1E122-B2C8-4441-BDED-D4A77763331A}.PluginDev|x86.ActiveCfg = PluginDev|Any CPU
		{ACC1E122-B2C8-4441-BDED-D4A77763331A}.Release|Any CPU.ActiveCfg = Release|Any CPU
		{ACC1E122-B2C8-4441-BDED-D4A77763331A}.Release|Any CPU.Build.0 = Release|Any CPU
		{ACC1E122-B2C8-4441-BDED-D4A77763331A}.Release|Mixed Platforms.ActiveCfg = Release|Any CPU
		{ACC1E122-B2C8-4441-BDED-D4A77763331A}.Release|Mixed Platforms.Build.0 = Release|Any CPU
		{ACC1E122-B2C8-4441-BDED-D4A77763331A}.Release|x86.ActiveCfg = Release|Any CPU
		{611E4AC2-CA21-5C81-6B4B-3ABA87B91A25}.Debug|Any CPU.ActiveCfg = Debug|Any CPU
		{611E4AC2-CA21-5C81-6B4B-3ABA87B91A25}.Debug|Any CPU.Build.0 = Debug|Any CPU
		{611E4AC2-CA21-5C81-6B4B-3ABA87B91A25}.Debug|Mixed Platforms.ActiveCfg = Debug|Any CPU
		{611E4AC2-CA21-5C81-6B4B-3ABA87B91A25}.Debug|Mixed Platforms.Build.0 = Debug|Any CPU
		{611E4AC2-CA21-5C81-6B4B-3ABA87B91A25}.Debug|x86.ActiveCfg = Debug|Any CPU
		{611E4AC2-CA21-5C81-6B4B-3ABA87B91A25}.EFMigrations|Any CPU.ActiveCfg = EFMigrations|Any CPU
		{611E4AC2-CA21-5C81-6B4B-3ABA87B91A25}.EFMigrations|Any CPU.Build.0 = EFMigrations|Any CPU
		{611E4AC2-CA21-5C81-6B4B-3ABA87B91A25}.EFMigrations|Mixed Platforms.ActiveCfg = EFMigrations|Any CPU
		{611E4AC2-CA21-5C81-6B4B-3ABA87B91A25}.EFMigrations|Mixed Platforms.Build.0 = EFMigrations|Any CPU
		{611E4AC2-CA21-5C81-6B4B-3ABA87B91A25}.EFMigrations|x86.ActiveCfg = EFMigrations|Any CPU
		{611E4AC2-CA21-5C81-6B4B-3ABA87B91A25}.PluginDev|Any CPU.ActiveCfg = PluginDev|Any CPU
		{611E4AC2-CA21-5C81-6B4B-3ABA87B91A25}.PluginDev|Any CPU.Build.0 = PluginDev|Any CPU
		{611E4AC2-CA21-5C81-6B4B-3ABA87B91A25}.PluginDev|Mixed Platforms.ActiveCfg = PluginDev|Any CPU
		{611E4AC2-CA21-5C81-6B4B-3ABA87B91A25}.PluginDev|Mixed Platforms.Build.0 = PluginDev|Any CPU
		{611E4AC2-CA21-5C81-6B4B-3ABA87B91A25}.PluginDev|x86.ActiveCfg = PluginDev|Any CPU
		{611E4AC2-CA21-5C81-6B4B-3ABA87B91A25}.Release|Any CPU.ActiveCfg = Release|Any CPU
		{611E4AC2-CA21-5C81-6B4B-3ABA87B91A25}.Release|Any CPU.Build.0 = Release|Any CPU
		{611E4AC2-CA21-5C81-6B4B-3ABA87B91A25}.Release|Mixed Platforms.ActiveCfg = Release|Any CPU
		{611E4AC2-CA21-5C81-6B4B-3ABA87B91A25}.Release|Mixed Platforms.Build.0 = Release|Any CPU
		{611E4AC2-CA21-5C81-6B4B-3ABA87B91A25}.Release|x86.ActiveCfg = Release|Any CPU
		{542B9C12-E2A1-49BB-9134-0E3484F9D669}.Debug|Any CPU.ActiveCfg = Debug|Any CPU
		{542B9C12-E2A1-49BB-9134-0E3484F9D669}.Debug|Any CPU.Build.0 = Debug|Any CPU
		{542B9C12-E2A1-49BB-9134-0E3484F9D669}.Debug|Mixed Platforms.ActiveCfg = Debug|Any CPU
		{542B9C12-E2A1-49BB-9134-0E3484F9D669}.Debug|Mixed Platforms.Build.0 = Debug|Any CPU
		{542B9C12-E2A1-49BB-9134-0E3484F9D669}.Debug|x86.ActiveCfg = Debug|Any CPU
		{542B9C12-E2A1-49BB-9134-0E3484F9D669}.EFMigrations|Any CPU.ActiveCfg = EFMigrations|Any CPU
		{542B9C12-E2A1-49BB-9134-0E3484F9D669}.EFMigrations|Any CPU.Build.0 = EFMigrations|Any CPU
		{542B9C12-E2A1-49BB-9134-0E3484F9D669}.EFMigrations|Mixed Platforms.ActiveCfg = EFMigrations|Any CPU
		{542B9C12-E2A1-49BB-9134-0E3484F9D669}.EFMigrations|Mixed Platforms.Build.0 = EFMigrations|Any CPU
		{542B9C12-E2A1-49BB-9134-0E3484F9D669}.EFMigrations|x86.ActiveCfg = EFMigrations|Any CPU
		{542B9C12-E2A1-49BB-9134-0E3484F9D669}.PluginDev|Any CPU.ActiveCfg = PluginDev|Any CPU
		{542B9C12-E2A1-49BB-9134-0E3484F9D669}.PluginDev|Any CPU.Build.0 = PluginDev|Any CPU
		{542B9C12-E2A1-49BB-9134-0E3484F9D669}.PluginDev|Mixed Platforms.ActiveCfg = PluginDev|Any CPU
		{542B9C12-E2A1-49BB-9134-0E3484F9D669}.PluginDev|Mixed Platforms.Build.0 = PluginDev|Any CPU
		{542B9C12-E2A1-49BB-9134-0E3484F9D669}.PluginDev|x86.ActiveCfg = PluginDev|Any CPU
		{542B9C12-E2A1-49BB-9134-0E3484F9D669}.Release|Any CPU.ActiveCfg = Release|Any CPU
		{542B9C12-E2A1-49BB-9134-0E3484F9D669}.Release|Any CPU.Build.0 = Release|Any CPU
		{542B9C12-E2A1-49BB-9134-0E3484F9D669}.Release|Mixed Platforms.ActiveCfg = Release|Any CPU
		{542B9C12-E2A1-49BB-9134-0E3484F9D669}.Release|Mixed Platforms.Build.0 = Release|Any CPU
		{542B9C12-E2A1-49BB-9134-0E3484F9D669}.Release|x86.ActiveCfg = Release|Any CPU
		{BDA52691-29E8-4195-965F-2AEB95A25F6B}.Debug|Any CPU.ActiveCfg = Debug|Any CPU
		{BDA52691-29E8-4195-965F-2AEB95A25F6B}.Debug|Any CPU.Build.0 = Debug|Any CPU
		{BDA52691-29E8-4195-965F-2AEB95A25F6B}.Debug|Mixed Platforms.ActiveCfg = Debug|Any CPU
		{BDA52691-29E8-4195-965F-2AEB95A25F6B}.Debug|Mixed Platforms.Build.0 = Debug|Any CPU
		{BDA52691-29E8-4195-965F-2AEB95A25F6B}.Debug|x86.ActiveCfg = Debug|Any CPU
		{BDA52691-29E8-4195-965F-2AEB95A25F6B}.Debug|x86.Build.0 = Debug|Any CPU
		{BDA52691-29E8-4195-965F-2AEB95A25F6B}.EFMigrations|Any CPU.ActiveCfg = EFMigrations|Any CPU
		{BDA52691-29E8-4195-965F-2AEB95A25F6B}.EFMigrations|Any CPU.Build.0 = EFMigrations|Any CPU
		{BDA52691-29E8-4195-965F-2AEB95A25F6B}.EFMigrations|Mixed Platforms.ActiveCfg = EFMigrations|Any CPU
		{BDA52691-29E8-4195-965F-2AEB95A25F6B}.EFMigrations|Mixed Platforms.Build.0 = EFMigrations|Any CPU
		{BDA52691-29E8-4195-965F-2AEB95A25F6B}.EFMigrations|x86.ActiveCfg = EFMigrations|Any CPU
		{BDA52691-29E8-4195-965F-2AEB95A25F6B}.EFMigrations|x86.Build.0 = EFMigrations|Any CPU
		{BDA52691-29E8-4195-965F-2AEB95A25F6B}.PluginDev|Any CPU.ActiveCfg = PluginDev|Any CPU
		{BDA52691-29E8-4195-965F-2AEB95A25F6B}.PluginDev|Any CPU.Build.0 = PluginDev|Any CPU
		{BDA52691-29E8-4195-965F-2AEB95A25F6B}.PluginDev|Mixed Platforms.ActiveCfg = PluginDev|Any CPU
		{BDA52691-29E8-4195-965F-2AEB95A25F6B}.PluginDev|Mixed Platforms.Build.0 = PluginDev|Any CPU
		{BDA52691-29E8-4195-965F-2AEB95A25F6B}.PluginDev|x86.ActiveCfg = PluginDev|Any CPU
		{BDA52691-29E8-4195-965F-2AEB95A25F6B}.PluginDev|x86.Build.0 = PluginDev|Any CPU
		{BDA52691-29E8-4195-965F-2AEB95A25F6B}.Release|Any CPU.ActiveCfg = Release|Any CPU
		{BDA52691-29E8-4195-965F-2AEB95A25F6B}.Release|Any CPU.Build.0 = Release|Any CPU
		{BDA52691-29E8-4195-965F-2AEB95A25F6B}.Release|Mixed Platforms.ActiveCfg = Release|Any CPU
		{BDA52691-29E8-4195-965F-2AEB95A25F6B}.Release|Mixed Platforms.Build.0 = Release|Any CPU
		{BDA52691-29E8-4195-965F-2AEB95A25F6B}.Release|x86.ActiveCfg = Release|Any CPU
		{BDA52691-29E8-4195-965F-2AEB95A25F6B}.Release|x86.Build.0 = Release|Any CPU
	EndGlobalSection
	GlobalSection(SolutionProperties) = preSolution
		HideSolutionNode = FALSE
	EndGlobalSection
	GlobalSection(NestedProjects) = preSolution
		{7A9BDC6A-F880-43D5-9B2A-59C1674CE449} = {A340B280-C12B-47E7-90B7-89C650F8AAFC}
		{0D303E2D-0367-4F66-AC03-F1658FBBB24D} = {A340B280-C12B-47E7-90B7-89C650F8AAFC}
		{5DCBE5B1-1A02-48E7-9853-5FCEF2A36805} = {A340B280-C12B-47E7-90B7-89C650F8AAFC}
		{1D9EB579-3630-468A-BE94-49E7DF4F6E1D} = {A340B280-C12B-47E7-90B7-89C650F8AAFC}
		{57718244-1B22-4637-9DBF-F5D8E460FC95} = {A340B280-C12B-47E7-90B7-89C650F8AAFC}
		{DCC07617-E6EB-4F3C-AAFF-B15CA2B6E07F} = {DB17E553-DCB5-4851-A5AB-542C09CAC7CA}
		{CD28D50C-38C3-4371-80B3-71FE7853D61D} = {DB17E553-DCB5-4851-A5AB-542C09CAC7CA}
		{965A02F0-FC84-4AC4-91E4-79EADFC1CA9D} = {7881B112-7843-4542-B1F7-F99553FB9BB7}
		{446FED73-BCA1-4D8F-BC13-EA1507C7EF29} = {7881B112-7843-4542-B1F7-F99553FB9BB7}
		{E3362B5B-DA5A-4515-BCB0-0DF982F80E89} = {7881B112-7843-4542-B1F7-F99553FB9BB7}
		{C2B83AF5-80F6-4B8C-8628-FA7DE10C3BB5} = {7881B112-7843-4542-B1F7-F99553FB9BB7}
		{BD1D993C-50E7-40DF-83BB-45455F9CE402} = {7881B112-7843-4542-B1F7-F99553FB9BB7}
		{692E9D31-1393-47BF-B372-63F671052F89} = {7881B112-7843-4542-B1F7-F99553FB9BB7}
		{0793FB50-67BB-461E-B961-2F45887464CF} = {7881B112-7843-4542-B1F7-F99553FB9BB7}
		{94D1BEEB-64A3-4EB6-9017-D66AFAF4F2B2} = {7881B112-7843-4542-B1F7-F99553FB9BB7}
		{ACC1E122-B2C8-4441-BDED-D4A77763331A} = {7881B112-7843-4542-B1F7-F99553FB9BB7}
		{611E4AC2-CA21-5C81-6B4B-3ABA87B91A25} = {7881B112-7843-4542-B1F7-F99553FB9BB7}
		{542B9C12-E2A1-49BB-9134-0E3484F9D669} = {7881B112-7843-4542-B1F7-F99553FB9BB7}
		{BDA52691-29E8-4195-965F-2AEB95A25F6B} = {7881B112-7843-4542-B1F7-F99553FB9BB7}
	EndGlobalSection
	GlobalSection(ExtensibilityGlobals) = postSolution
		SolutionGuid = {59B852CE-9608-479C-A92B-7EE2DE161049}
	EndGlobalSection
	GlobalSection(NDepend) = preSolution
		Project = ".\SmartStoreNET.ndproj"
	EndGlobalSection
EndGlobal
